// !$*UTF8*$!
{
	archiveVersion = 1;
	classes = {
	};
	objectVersion = 56;
	objects = {

/* Begin PBXBuildFile section */
		0D04757B291B6B3800818C00 /* AppDelegate.swift in Sources */ = {isa = PBXBuildFile; fileRef = 0D04757A291B6B3800818C00 /* AppDelegate.swift */; };
		0D04757D291B6B3800818C00 /* SceneDelegate.swift in Sources */ = {isa = PBXBuildFile; fileRef = 0D04757C291B6B3800818C00 /* SceneDelegate.swift */; };
		0D04757F291B6B3800818C00 /* LoginViewController.swift in Sources */ = {isa = PBXBuildFile; fileRef = 0D04757E291B6B3800818C00 /* LoginViewController.swift */; };
		0D047582291B6B3800818C00 /* Main.storyboard in Resources */ = {isa = PBXBuildFile; fileRef = 0D047580291B6B3800818C00 /* Main.storyboard */; };
		0D047584291B6B3900818C00 /* Assets.xcassets in Resources */ = {isa = PBXBuildFile; fileRef = 0D047583291B6B3900818C00 /* Assets.xcassets */; };
		0D047587291B6B3900818C00 /* LaunchScreen.storyboard in Resources */ = {isa = PBXBuildFile; fileRef = 0D047585291B6B3900818C00 /* LaunchScreen.storyboard */; };
		0D047592291B6B3A00818C00 /* GreenSpaceTests.swift in Sources */ = {isa = PBXBuildFile; fileRef = 0D047591291B6B3A00818C00 /* GreenSpaceTests.swift */; };
		0D04759C291B6B3A00818C00 /* GreenSpaceUITests.swift in Sources */ = {isa = PBXBuildFile; fileRef = 0D04759B291B6B3A00818C00 /* GreenSpaceUITests.swift */; };
		0D04759E291B6B3A00818C00 /* GreenSpaceUITestsLaunchTests.swift in Sources */ = {isa = PBXBuildFile; fileRef = 0D04759D291B6B3A00818C00 /* GreenSpaceUITestsLaunchTests.swift */; };
		0D0475AF291B6FEA00818C00 /* Alamofire in Frameworks */ = {isa = PBXBuildFile; productRef = 0D0475AE291B6FEA00818C00 /* Alamofire */; };
		0D0475B1291B70C200818C00 /* SettingViewController.swift in Sources */ = {isa = PBXBuildFile; fileRef = 0D0475B0291B70C200818C00 /* SettingViewController.swift */; };
		0D0475B3291B70F400818C00 /* HomeViewController.swift in Sources */ = {isa = PBXBuildFile; fileRef = 0D0475B2291B70F400818C00 /* HomeViewController.swift */; };
		0D0475B5291B710800818C00 /* AlarmViewController.swift in Sources */ = {isa = PBXBuildFile; fileRef = 0D0475B4291B710800818C00 /* AlarmViewController.swift */; };
		0D0475B7291B860A00818C00 /* AlarmTableViewCell.swift in Sources */ = {isa = PBXBuildFile; fileRef = 0D0475B6291B860A00818C00 /* AlarmTableViewCell.swift */; };
		0D0475BD291CCF1A00818C00 /* MyItemCollectionViewController.swift in Sources */ = {isa = PBXBuildFile; fileRef = 0D0475BC291CCF1A00818C00 /* MyItemCollectionViewController.swift */; };
		0D3B3D9C2924FCE2003FC488 /* CustomView.swift in Sources */ = {isa = PBXBuildFile; fileRef = 0D3B3D9B2924FCE2003FC488 /* CustomView.swift */; };
		0D3CC9FD291DFE3E000A0CC4 /* PanModal in Frameworks */ = {isa = PBXBuildFile; productRef = 0D3CC9FC291DFE3E000A0CC4 /* PanModal */; };
		0D3CC9FF291E05A0000A0CC4 /* BetgeCollectionViewController.swift in Sources */ = {isa = PBXBuildFile; fileRef = 0D3CC9FE291E05A0000A0CC4 /* BetgeCollectionViewController.swift */; };
		0D3CCA01291E0A28000A0CC4 /* BetgeCollectionViewCell.xib in Resources */ = {isa = PBXBuildFile; fileRef = 0D3CCA00291E0A28000A0CC4 /* BetgeCollectionViewCell.xib */; };
		0D3CCA03291E193F000A0CC4 /* MyItemCollectionViewCell.xib in Resources */ = {isa = PBXBuildFile; fileRef = 0D3CCA02291E193F000A0CC4 /* MyItemCollectionViewCell.xib */; };
		0D3CCA05291E1991000A0CC4 /* MyItemCollectionViewCell.swift in Sources */ = {isa = PBXBuildFile; fileRef = 0D3CCA04291E1991000A0CC4 /* MyItemCollectionViewCell.swift */; };
		0D828DD12929EBFD000D54BC /* CoreData.xcdatamodeld in Sources */ = {isa = PBXBuildFile; fileRef = 0D828DCF2929EBFD000D54BC /* CoreData.xcdatamodeld */; };
		0D828E20292E318E000D54BC /* PostServiceRequest.swift in Sources */ = {isa = PBXBuildFile; fileRef = 0D828E1F292E318E000D54BC /* PostServiceRequest.swift */; };
		0D828E22292E319D000D54BC /* PostServiceResponse.swift in Sources */ = {isa = PBXBuildFile; fileRef = 0D828E21292E319D000D54BC /* PostServiceResponse.swift */; };
		0D828E24292E34F3000D54BC /* GlobalPost.swift in Sources */ = {isa = PBXBuildFile; fileRef = 0D828E23292E34F3000D54BC /* GlobalPost.swift */; };
		0D828E26292E3557000D54BC /* Post.swift in Sources */ = {isa = PBXBuildFile; fileRef = 0D828E25292E3557000D54BC /* Post.swift */; };
		0D828E2E292F7A48000D54BC /* PostDeleteResponse.swift in Sources */ = {isa = PBXBuildFile; fileRef = 0D828E2D292F7A48000D54BC /* PostDeleteResponse.swift */; };
		0D828E30292F7BAA000D54BC /* PostPostResponse.swift in Sources */ = {isa = PBXBuildFile; fileRef = 0D828E2F292F7BAA000D54BC /* PostPostResponse.swift */; };
		0D828E32292F8366000D54BC /* GlobalUser.swift in Sources */ = {isa = PBXBuildFile; fileRef = 0D828E31292F8366000D54BC /* GlobalUser.swift */; };
		0DCD13D2291D0D6E00BE3B9B /* BetgeCollectionViewCell.swift in Sources */ = {isa = PBXBuildFile; fileRef = 0DCD13D1291D0D6E00BE3B9B /* BetgeCollectionViewCell.swift */; };
		4A0627CE2934C3C9009BAEB4 /* FriendViewController.swift in Sources */ = {isa = PBXBuildFile; fileRef = 4A0627CD2934C3C9009BAEB4 /* FriendViewController.swift */; };
		4A0627D02934C3F6009BAEB4 /* FriendTableCell.xib in Resources */ = {isa = PBXBuildFile; fileRef = 4A0627CF2934C3F6009BAEB4 /* FriendTableCell.xib */; };
		4A0627D22934C402009BAEB4 /* FriendTableCell.swift in Sources */ = {isa = PBXBuildFile; fileRef = 4A0627D12934C402009BAEB4 /* FriendTableCell.swift */; };
		9046351E292A09C400FB1061 /* LoginResponse.swift in Sources */ = {isa = PBXBuildFile; fileRef = 9046351D292A09C400FB1061 /* LoginResponse.swift */; };
		90CADFA92929EAF00074A363 /* MyRequestInterceptor.swift in Sources */ = {isa = PBXBuildFile; fileRef = 90CADFA82929EAF00074A363 /* MyRequestInterceptor.swift */; };
		90CADFB32929F6C00074A363 /* FriendServiceAPI.swift in Sources */ = {isa = PBXBuildFile; fileRef = 90CADFB22929F6C00074A363 /* FriendServiceAPI.swift */; };
		90CADFB52929F6CA0074A363 /* FriendServiceTarget.swift in Sources */ = {isa = PBXBuildFile; fileRef = 90CADFB42929F6CA0074A363 /* FriendServiceTarget.swift */; };
		90CADFB72929F6DE0074A363 /* ItemServiceAPI.swift in Sources */ = {isa = PBXBuildFile; fileRef = 90CADFB62929F6DE0074A363 /* ItemServiceAPI.swift */; };
		90CADFB92929F6E50074A363 /* ItemServiceTarget.swift in Sources */ = {isa = PBXBuildFile; fileRef = 90CADFB82929F6E50074A363 /* ItemServiceTarget.swift */; };
		90CADFBB2929F6F40074A363 /* ProductServiceAPI.swift in Sources */ = {isa = PBXBuildFile; fileRef = 90CADFBA2929F6F40074A363 /* ProductServiceAPI.swift */; };
		90CADFBD2929F6FC0074A363 /* ProductServiceTarget.swift in Sources */ = {isa = PBXBuildFile; fileRef = 90CADFBC2929F6FC0074A363 /* ProductServiceTarget.swift */; };
		90CADFBF2929F7050074A363 /* PostServiceAPI.swift in Sources */ = {isa = PBXBuildFile; fileRef = 90CADFBE2929F7050074A363 /* PostServiceAPI.swift */; };
		90CADFC12929F70C0074A363 /* PostServieTarget.swift in Sources */ = {isa = PBXBuildFile; fileRef = 90CADFC02929F70C0074A363 /* PostServieTarget.swift */; };
		90CADFC32929FAF40074A363 /* GlobalUsers.swift in Sources */ = {isa = PBXBuildFile; fileRef = 90CADFC22929FAF40074A363 /* GlobalUsers.swift */; };
		90CADFC52929FDDF0074A363 /* Users.swift in Sources */ = {isa = PBXBuildFile; fileRef = 90CADFC42929FDDF0074A363 /* Users.swift */; };
		90CADFC82929FE510074A363 /* NoResponse.swift in Sources */ = {isa = PBXBuildFile; fileRef = 90CADFC72929FE510074A363 /* NoResponse.swift */; };
		90CADFCC2929FED80074A363 /* FollowingRequest.swift in Sources */ = {isa = PBXBuildFile; fileRef = 90CADFCB2929FED80074A363 /* FollowingRequest.swift */; };
		90CADFD0292A00290074A363 /* FollowedListRequest.swift in Sources */ = {isa = PBXBuildFile; fileRef = 90CADFCF292A00290074A363 /* FollowedListRequest.swift */; };
		90CADFD2292A00990074A363 /* FollowingResponse.swift in Sources */ = {isa = PBXBuildFile; fileRef = 90CADFD1292A00990074A363 /* FollowingResponse.swift */; };
		90CADFD4292A02750074A363 /* FollowingListResponse.swift in Sources */ = {isa = PBXBuildFile; fileRef = 90CADFD3292A02750074A363 /* FollowingListResponse.swift */; };
		90D6AD06292CED7700C1CCEA /* SignupRequest.swift in Sources */ = {isa = PBXBuildFile; fileRef = 90D6AD05292CED7700C1CCEA /* SignupRequest.swift */; };
		90D6AD08292CEE7800C1CCEA /* SignupResponse.swift in Sources */ = {isa = PBXBuildFile; fileRef = 90D6AD07292CEE7800C1CCEA /* SignupResponse.swift */; };
		90D6AD0A292CF32500C1CCEA /* EmptyRequest.swift in Sources */ = {isa = PBXBuildFile; fileRef = 90D6AD09292CF32500C1CCEA /* EmptyRequest.swift */; };
		90D6AD0C292CF3F000C1CCEA /* EmptyResponse.swift in Sources */ = {isa = PBXBuildFile; fileRef = 90D6AD0B292CF3F000C1CCEA /* EmptyResponse.swift */; };
		90D6AD0E292CF5E600C1CCEA /* UserRequest.swift in Sources */ = {isa = PBXBuildFile; fileRef = 90D6AD0D292CF5E600C1CCEA /* UserRequest.swift */; };
		90D6AD10292CF7E000C1CCEA /* GlobalFollowingUsers.swift in Sources */ = {isa = PBXBuildFile; fileRef = 90D6AD0F292CF7E000C1CCEA /* GlobalFollowingUsers.swift */; };
		90D6AD12292CF7FA00C1CCEA /* GlobalFollwedUsers.swift in Sources */ = {isa = PBXBuildFile; fileRef = 90D6AD11292CF7FA00C1CCEA /* GlobalFollwedUsers.swift */; };
		90D6AD14292CF82D00C1CCEA /* FollowedListResponse.swift in Sources */ = {isa = PBXBuildFile; fileRef = 90D6AD13292CF82D00C1CCEA /* FollowedListResponse.swift */; };
		90D6AD16292CF90900C1CCEA /* MessageResponse.swift in Sources */ = {isa = PBXBuildFile; fileRef = 90D6AD15292CF90900C1CCEA /* MessageResponse.swift */; };
		90D6AD18292E28D600C1CCEA /* BookmarkRequest.swift in Sources */ = {isa = PBXBuildFile; fileRef = 90D6AD17292E28D600C1CCEA /* BookmarkRequest.swift */; };
		90D6AD1A292E2A0500C1CCEA /* Product.swift in Sources */ = {isa = PBXBuildFile; fileRef = 90D6AD19292E2A0500C1CCEA /* Product.swift */; };
		90D6AD1C292E2A5100C1CCEA /* GlobalProducts.swift in Sources */ = {isa = PBXBuildFile; fileRef = 90D6AD1B292E2A5100C1CCEA /* GlobalProducts.swift */; };
		90D6AD1E292E2AC600C1CCEA /* ProductResponse.swift in Sources */ = {isa = PBXBuildFile; fileRef = 90D6AD1D292E2AC600C1CCEA /* ProductResponse.swift */; };
		90D6AD20292E2C1100C1CCEA /* Bookmark.swift in Sources */ = {isa = PBXBuildFile; fileRef = 90D6AD1F292E2C1100C1CCEA /* Bookmark.swift */; };
		90D6AD22292E2C2F00C1CCEA /* GlobalBookmark.swift in Sources */ = {isa = PBXBuildFile; fileRef = 90D6AD21292E2C2F00C1CCEA /* GlobalBookmark.swift */; };
		90D6AD24292E2C8600C1CCEA /* BookmarkResponse.swift in Sources */ = {isa = PBXBuildFile; fileRef = 90D6AD23292E2C8600C1CCEA /* BookmarkResponse.swift */; };
		90D6AD26292E343B00C1CCEA /* BuyRequest.swift in Sources */ = {isa = PBXBuildFile; fileRef = 90D6AD25292E343B00C1CCEA /* BuyRequest.swift */; };
		90D6AD28292E34A800C1CCEA /* SpaceRequest.swift in Sources */ = {isa = PBXBuildFile; fileRef = 90D6AD27292E34A800C1CCEA /* SpaceRequest.swift */; };
		90D6AD2A292E34DE00C1CCEA /* Buy.swift in Sources */ = {isa = PBXBuildFile; fileRef = 90D6AD29292E34DE00C1CCEA /* Buy.swift */; };
		90D6AD2C292E34F500C1CCEA /* Item.swift in Sources */ = {isa = PBXBuildFile; fileRef = 90D6AD2B292E34F500C1CCEA /* Item.swift */; };
		90D6AD2E292E354A00C1CCEA /* GlobalBuy.swift in Sources */ = {isa = PBXBuildFile; fileRef = 90D6AD2D292E354A00C1CCEA /* GlobalBuy.swift */; };
		90D6AD30292E35B600C1CCEA /* BuyResponse.swift in Sources */ = {isa = PBXBuildFile; fileRef = 90D6AD2F292E35B500C1CCEA /* BuyResponse.swift */; };
		90D6AD32292E366900C1CCEA /* UpdateBuyResponse.swift in Sources */ = {isa = PBXBuildFile; fileRef = 90D6AD31292E366900C1CCEA /* UpdateBuyResponse.swift */; };
		90D6AD34292E380900C1CCEA /* ItemResponse.swift in Sources */ = {isa = PBXBuildFile; fileRef = 90D6AD33292E380900C1CCEA /* ItemResponse.swift */; };
		90D6AD36292E384900C1CCEA /* GlobalItem.swift in Sources */ = {isa = PBXBuildFile; fileRef = 90D6AD35292E384900C1CCEA /* GlobalItem.swift */; };
		90D6AD38292E38BA00C1CCEA /* GlobalBadge.swift in Sources */ = {isa = PBXBuildFile; fileRef = 90D6AD37292E38BA00C1CCEA /* GlobalBadge.swift */; };
		90D6AD3A292E38E300C1CCEA /* BadgeResponse.swift in Sources */ = {isa = PBXBuildFile; fileRef = 90D6AD39292E38E300C1CCEA /* BadgeResponse.swift */; };
		90D6AD3E293604E100C1CCEA /* ProductTableCell.xib in Resources */ = {isa = PBXBuildFile; fileRef = 90D6AD3D293604E100C1CCEA /* ProductTableCell.xib */; };
		90ED97F2291BC25600A6B983 /* User.swift in Sources */ = {isa = PBXBuildFile; fileRef = 90ED97F1291BC25600A6B983 /* User.swift */; };
		90ED97F4291BC26E00A6B983 /* TargetType.swift in Sources */ = {isa = PBXBuildFile; fileRef = 90ED97F3291BC26E00A6B983 /* TargetType.swift */; };
		90ED97F8291BC2B000A6B983 /* SigninRequest.swift in Sources */ = {isa = PBXBuildFile; fileRef = 90ED97F7291BC2B000A6B983 /* SigninRequest.swift */; };
		90ED97FA291BC2C600A6B983 /* UserResponse.swift in Sources */ = {isa = PBXBuildFile; fileRef = 90ED97F9291BC2C600A6B983 /* UserResponse.swift */; };
		90ED97FC291BC75F00A6B983 /* Auth.swift in Sources */ = {isa = PBXBuildFile; fileRef = 90ED97FB291BC75F00A6B983 /* Auth.swift */; };
		90ED97FE291BC8D500A6B983 /* UserServiceTarget.swift in Sources */ = {isa = PBXBuildFile; fileRef = 90ED97FD291BC8D500A6B983 /* UserServiceTarget.swift */; };
		90ED9800291BCA0000A6B983 /* HttpHeaderField.swift in Sources */ = {isa = PBXBuildFile; fileRef = 90ED97FF291BCA0000A6B983 /* HttpHeaderField.swift */; };
		90ED9803291BCAEE00A6B983 /* UserServiceAPI.swift in Sources */ = {isa = PBXBuildFile; fileRef = 90ED9802291BCAEE00A6B983 /* UserServiceAPI.swift */; };
		C0332FCC29360210001B9BE4 /* ProductViewController.swift in Sources */ = {isa = PBXBuildFile; fileRef = C0332FCB29360210001B9BE4 /* ProductViewController.swift */; };
		C0332FCE2936021F001B9BE4 /* ProductTableCell.swift in Sources */ = {isa = PBXBuildFile; fileRef = C0332FCD2936021F001B9BE4 /* ProductTableCell.swift */; };
/* End PBXBuildFile section */

/* Begin PBXContainerItemProxy section */
		0D04758E291B6B3A00818C00 /* PBXContainerItemProxy */ = {
			isa = PBXContainerItemProxy;
			containerPortal = 0D04756F291B6B3800818C00 /* Project object */;
			proxyType = 1;
			remoteGlobalIDString = 0D047576291B6B3800818C00;
			remoteInfo = GreenSpace;
		};
		0D047598291B6B3A00818C00 /* PBXContainerItemProxy */ = {
			isa = PBXContainerItemProxy;
			containerPortal = 0D04756F291B6B3800818C00 /* Project object */;
			proxyType = 1;
			remoteGlobalIDString = 0D047576291B6B3800818C00;
			remoteInfo = GreenSpace;
		};
/* End PBXContainerItemProxy section */

/* Begin PBXFileReference section */
		0D047577291B6B3800818C00 /* GreenSpace.app */ = {isa = PBXFileReference; explicitFileType = wrapper.application; includeInIndex = 0; path = GreenSpace.app; sourceTree = BUILT_PRODUCTS_DIR; };
		0D04757A291B6B3800818C00 /* AppDelegate.swift */ = {isa = PBXFileReference; lastKnownFileType = sourcecode.swift; path = AppDelegate.swift; sourceTree = "<group>"; };
		0D04757C291B6B3800818C00 /* SceneDelegate.swift */ = {isa = PBXFileReference; lastKnownFileType = sourcecode.swift; path = SceneDelegate.swift; sourceTree = "<group>"; };
		0D04757E291B6B3800818C00 /* LoginViewController.swift */ = {isa = PBXFileReference; lastKnownFileType = sourcecode.swift; path = LoginViewController.swift; sourceTree = "<group>"; };
		0D047581291B6B3800818C00 /* Base */ = {isa = PBXFileReference; lastKnownFileType = file.storyboard; name = Base; path = Base.lproj/Main.storyboard; sourceTree = "<group>"; };
		0D047583291B6B3900818C00 /* Assets.xcassets */ = {isa = PBXFileReference; lastKnownFileType = folder.assetcatalog; path = Assets.xcassets; sourceTree = "<group>"; };
		0D047586291B6B3900818C00 /* Base */ = {isa = PBXFileReference; lastKnownFileType = file.storyboard; name = Base; path = Base.lproj/LaunchScreen.storyboard; sourceTree = "<group>"; };
		0D047588291B6B3900818C00 /* Info.plist */ = {isa = PBXFileReference; lastKnownFileType = text.plist.xml; path = Info.plist; sourceTree = "<group>"; };
		0D04758D291B6B3A00818C00 /* GreenSpaceTests.xctest */ = {isa = PBXFileReference; explicitFileType = wrapper.cfbundle; includeInIndex = 0; path = GreenSpaceTests.xctest; sourceTree = BUILT_PRODUCTS_DIR; };
		0D047591291B6B3A00818C00 /* GreenSpaceTests.swift */ = {isa = PBXFileReference; lastKnownFileType = sourcecode.swift; path = GreenSpaceTests.swift; sourceTree = "<group>"; };
		0D047597291B6B3A00818C00 /* GreenSpaceUITests.xctest */ = {isa = PBXFileReference; explicitFileType = wrapper.cfbundle; includeInIndex = 0; path = GreenSpaceUITests.xctest; sourceTree = BUILT_PRODUCTS_DIR; };
		0D04759B291B6B3A00818C00 /* GreenSpaceUITests.swift */ = {isa = PBXFileReference; lastKnownFileType = sourcecode.swift; path = GreenSpaceUITests.swift; sourceTree = "<group>"; };
		0D04759D291B6B3A00818C00 /* GreenSpaceUITestsLaunchTests.swift */ = {isa = PBXFileReference; lastKnownFileType = sourcecode.swift; path = GreenSpaceUITestsLaunchTests.swift; sourceTree = "<group>"; };
		0D0475B0291B70C200818C00 /* SettingViewController.swift */ = {isa = PBXFileReference; lastKnownFileType = sourcecode.swift; path = SettingViewController.swift; sourceTree = "<group>"; };
		0D0475B2291B70F400818C00 /* HomeViewController.swift */ = {isa = PBXFileReference; lastKnownFileType = sourcecode.swift; path = HomeViewController.swift; sourceTree = "<group>"; };
		0D0475B4291B710800818C00 /* AlarmViewController.swift */ = {isa = PBXFileReference; lastKnownFileType = sourcecode.swift; path = AlarmViewController.swift; sourceTree = "<group>"; };
		0D0475B6291B860A00818C00 /* AlarmTableViewCell.swift */ = {isa = PBXFileReference; lastKnownFileType = sourcecode.swift; path = AlarmTableViewCell.swift; sourceTree = "<group>"; };
		0D0475BC291CCF1A00818C00 /* MyItemCollectionViewController.swift */ = {isa = PBXFileReference; lastKnownFileType = sourcecode.swift; path = MyItemCollectionViewController.swift; sourceTree = "<group>"; };
		0D3B3D9B2924FCE2003FC488 /* CustomView.swift */ = {isa = PBXFileReference; lastKnownFileType = sourcecode.swift; path = CustomView.swift; sourceTree = "<group>"; };
		0D3CC9FE291E05A0000A0CC4 /* BetgeCollectionViewController.swift */ = {isa = PBXFileReference; lastKnownFileType = sourcecode.swift; path = BetgeCollectionViewController.swift; sourceTree = "<group>"; };
		0D3CCA00291E0A28000A0CC4 /* BetgeCollectionViewCell.xib */ = {isa = PBXFileReference; lastKnownFileType = file.xib; path = BetgeCollectionViewCell.xib; sourceTree = "<group>"; };
		0D3CCA02291E193F000A0CC4 /* MyItemCollectionViewCell.xib */ = {isa = PBXFileReference; lastKnownFileType = file.xib; path = MyItemCollectionViewCell.xib; sourceTree = "<group>"; };
		0D3CCA04291E1991000A0CC4 /* MyItemCollectionViewCell.swift */ = {isa = PBXFileReference; lastKnownFileType = sourcecode.swift; path = MyItemCollectionViewCell.swift; sourceTree = "<group>"; };
		0D828DD02929EBFD000D54BC /* CoreData.xcdatamodel */ = {isa = PBXFileReference; lastKnownFileType = wrapper.xcdatamodel; path = CoreData.xcdatamodel; sourceTree = "<group>"; };
		0D828E1F292E318E000D54BC /* PostServiceRequest.swift */ = {isa = PBXFileReference; lastKnownFileType = sourcecode.swift; path = PostServiceRequest.swift; sourceTree = "<group>"; };
		0D828E21292E319D000D54BC /* PostServiceResponse.swift */ = {isa = PBXFileReference; lastKnownFileType = sourcecode.swift; path = PostServiceResponse.swift; sourceTree = "<group>"; };
		0D828E23292E34F3000D54BC /* GlobalPost.swift */ = {isa = PBXFileReference; lastKnownFileType = sourcecode.swift; path = GlobalPost.swift; sourceTree = "<group>"; };
		0D828E25292E3557000D54BC /* Post.swift */ = {isa = PBXFileReference; lastKnownFileType = sourcecode.swift; path = Post.swift; sourceTree = "<group>"; };
		0D828E2D292F7A48000D54BC /* PostDeleteResponse.swift */ = {isa = PBXFileReference; lastKnownFileType = sourcecode.swift; path = PostDeleteResponse.swift; sourceTree = "<group>"; };
		0D828E2F292F7BAA000D54BC /* PostPostResponse.swift */ = {isa = PBXFileReference; lastKnownFileType = sourcecode.swift; path = PostPostResponse.swift; sourceTree = "<group>"; };
		0D828E31292F8366000D54BC /* GlobalUser.swift */ = {isa = PBXFileReference; lastKnownFileType = sourcecode.swift; path = GlobalUser.swift; sourceTree = "<group>"; };
		0DCD13D1291D0D6E00BE3B9B /* BetgeCollectionViewCell.swift */ = {isa = PBXFileReference; lastKnownFileType = sourcecode.swift; path = BetgeCollectionViewCell.swift; sourceTree = "<group>"; };
		4A0627CD2934C3C9009BAEB4 /* FriendViewController.swift */ = {isa = PBXFileReference; fileEncoding = 4; lastKnownFileType = sourcecode.swift; path = FriendViewController.swift; sourceTree = "<group>"; };
		4A0627CF2934C3F6009BAEB4 /* FriendTableCell.xib */ = {isa = PBXFileReference; fileEncoding = 4; lastKnownFileType = file.xib; path = FriendTableCell.xib; sourceTree = "<group>"; };
		4A0627D12934C402009BAEB4 /* FriendTableCell.swift */ = {isa = PBXFileReference; fileEncoding = 4; lastKnownFileType = sourcecode.swift; path = FriendTableCell.swift; sourceTree = "<group>"; };
		9046351D292A09C400FB1061 /* LoginResponse.swift */ = {isa = PBXFileReference; lastKnownFileType = sourcecode.swift; path = LoginResponse.swift; sourceTree = "<group>"; };
		90CADFA82929EAF00074A363 /* MyRequestInterceptor.swift */ = {isa = PBXFileReference; lastKnownFileType = sourcecode.swift; path = MyRequestInterceptor.swift; sourceTree = "<group>"; };
		90CADFB22929F6C00074A363 /* FriendServiceAPI.swift */ = {isa = PBXFileReference; lastKnownFileType = sourcecode.swift; path = FriendServiceAPI.swift; sourceTree = "<group>"; };
		90CADFB42929F6CA0074A363 /* FriendServiceTarget.swift */ = {isa = PBXFileReference; lastKnownFileType = sourcecode.swift; path = FriendServiceTarget.swift; sourceTree = "<group>"; };
		90CADFB62929F6DE0074A363 /* ItemServiceAPI.swift */ = {isa = PBXFileReference; lastKnownFileType = sourcecode.swift; path = ItemServiceAPI.swift; sourceTree = "<group>"; };
		90CADFB82929F6E50074A363 /* ItemServiceTarget.swift */ = {isa = PBXFileReference; lastKnownFileType = sourcecode.swift; path = ItemServiceTarget.swift; sourceTree = "<group>"; };
		90CADFBA2929F6F40074A363 /* ProductServiceAPI.swift */ = {isa = PBXFileReference; lastKnownFileType = sourcecode.swift; path = ProductServiceAPI.swift; sourceTree = "<group>"; };
		90CADFBC2929F6FC0074A363 /* ProductServiceTarget.swift */ = {isa = PBXFileReference; lastKnownFileType = sourcecode.swift; path = ProductServiceTarget.swift; sourceTree = "<group>"; };
		90CADFBE2929F7050074A363 /* PostServiceAPI.swift */ = {isa = PBXFileReference; lastKnownFileType = sourcecode.swift; path = PostServiceAPI.swift; sourceTree = "<group>"; };
		90CADFC02929F70C0074A363 /* PostServieTarget.swift */ = {isa = PBXFileReference; lastKnownFileType = sourcecode.swift; path = PostServieTarget.swift; sourceTree = "<group>"; };
		90CADFC22929FAF40074A363 /* GlobalUsers.swift */ = {isa = PBXFileReference; lastKnownFileType = sourcecode.swift; path = GlobalUsers.swift; sourceTree = "<group>"; };
		90CADFC42929FDDF0074A363 /* Users.swift */ = {isa = PBXFileReference; lastKnownFileType = sourcecode.swift; path = Users.swift; sourceTree = "<group>"; };
		90CADFC72929FE510074A363 /* NoResponse.swift */ = {isa = PBXFileReference; lastKnownFileType = sourcecode.swift; path = NoResponse.swift; sourceTree = "<group>"; };
		90CADFCB2929FED80074A363 /* FollowingRequest.swift */ = {isa = PBXFileReference; lastKnownFileType = sourcecode.swift; path = FollowingRequest.swift; sourceTree = "<group>"; };
		90CADFCF292A00290074A363 /* FollowedListRequest.swift */ = {isa = PBXFileReference; lastKnownFileType = sourcecode.swift; path = FollowedListRequest.swift; sourceTree = "<group>"; };
		90CADFD1292A00990074A363 /* FollowingResponse.swift */ = {isa = PBXFileReference; lastKnownFileType = sourcecode.swift; path = FollowingResponse.swift; sourceTree = "<group>"; };
		90CADFD3292A02750074A363 /* FollowingListResponse.swift */ = {isa = PBXFileReference; lastKnownFileType = sourcecode.swift; path = FollowingListResponse.swift; sourceTree = "<group>"; };
		90D6AD05292CED7700C1CCEA /* SignupRequest.swift */ = {isa = PBXFileReference; lastKnownFileType = sourcecode.swift; path = SignupRequest.swift; sourceTree = "<group>"; };
		90D6AD07292CEE7800C1CCEA /* SignupResponse.swift */ = {isa = PBXFileReference; lastKnownFileType = sourcecode.swift; path = SignupResponse.swift; sourceTree = "<group>"; };
		90D6AD09292CF32500C1CCEA /* EmptyRequest.swift */ = {isa = PBXFileReference; lastKnownFileType = sourcecode.swift; path = EmptyRequest.swift; sourceTree = "<group>"; };
		90D6AD0B292CF3F000C1CCEA /* EmptyResponse.swift */ = {isa = PBXFileReference; lastKnownFileType = sourcecode.swift; path = EmptyResponse.swift; sourceTree = "<group>"; };
		90D6AD0D292CF5E600C1CCEA /* UserRequest.swift */ = {isa = PBXFileReference; lastKnownFileType = sourcecode.swift; path = UserRequest.swift; sourceTree = "<group>"; };
		90D6AD0F292CF7E000C1CCEA /* GlobalFollowingUsers.swift */ = {isa = PBXFileReference; lastKnownFileType = sourcecode.swift; path = GlobalFollowingUsers.swift; sourceTree = "<group>"; };
		90D6AD11292CF7FA00C1CCEA /* GlobalFollwedUsers.swift */ = {isa = PBXFileReference; lastKnownFileType = sourcecode.swift; path = GlobalFollwedUsers.swift; sourceTree = "<group>"; };
		90D6AD13292CF82D00C1CCEA /* FollowedListResponse.swift */ = {isa = PBXFileReference; lastKnownFileType = sourcecode.swift; path = FollowedListResponse.swift; sourceTree = "<group>"; };
		90D6AD15292CF90900C1CCEA /* MessageResponse.swift */ = {isa = PBXFileReference; lastKnownFileType = sourcecode.swift; path = MessageResponse.swift; sourceTree = "<group>"; };
		90D6AD17292E28D600C1CCEA /* BookmarkRequest.swift */ = {isa = PBXFileReference; lastKnownFileType = sourcecode.swift; path = BookmarkRequest.swift; sourceTree = "<group>"; };
		90D6AD19292E2A0500C1CCEA /* Product.swift */ = {isa = PBXFileReference; lastKnownFileType = sourcecode.swift; path = Product.swift; sourceTree = "<group>"; };
		90D6AD1B292E2A5100C1CCEA /* GlobalProducts.swift */ = {isa = PBXFileReference; lastKnownFileType = sourcecode.swift; path = GlobalProducts.swift; sourceTree = "<group>"; };
		90D6AD1D292E2AC600C1CCEA /* ProductResponse.swift */ = {isa = PBXFileReference; lastKnownFileType = sourcecode.swift; path = ProductResponse.swift; sourceTree = "<group>"; };
		90D6AD1F292E2C1100C1CCEA /* Bookmark.swift */ = {isa = PBXFileReference; lastKnownFileType = sourcecode.swift; path = Bookmark.swift; sourceTree = "<group>"; };
		90D6AD21292E2C2F00C1CCEA /* GlobalBookmark.swift */ = {isa = PBXFileReference; lastKnownFileType = sourcecode.swift; path = GlobalBookmark.swift; sourceTree = "<group>"; };
		90D6AD23292E2C8600C1CCEA /* BookmarkResponse.swift */ = {isa = PBXFileReference; lastKnownFileType = sourcecode.swift; path = BookmarkResponse.swift; sourceTree = "<group>"; };
		90D6AD25292E343B00C1CCEA /* BuyRequest.swift */ = {isa = PBXFileReference; lastKnownFileType = sourcecode.swift; path = BuyRequest.swift; sourceTree = "<group>"; };
		90D6AD27292E34A800C1CCEA /* SpaceRequest.swift */ = {isa = PBXFileReference; lastKnownFileType = sourcecode.swift; path = SpaceRequest.swift; sourceTree = "<group>"; };
		90D6AD29292E34DE00C1CCEA /* Buy.swift */ = {isa = PBXFileReference; lastKnownFileType = sourcecode.swift; path = Buy.swift; sourceTree = "<group>"; };
		90D6AD2B292E34F500C1CCEA /* Item.swift */ = {isa = PBXFileReference; lastKnownFileType = sourcecode.swift; path = Item.swift; sourceTree = "<group>"; };
		90D6AD2D292E354A00C1CCEA /* GlobalBuy.swift */ = {isa = PBXFileReference; lastKnownFileType = sourcecode.swift; path = GlobalBuy.swift; sourceTree = "<group>"; };
		90D6AD2F292E35B500C1CCEA /* BuyResponse.swift */ = {isa = PBXFileReference; lastKnownFileType = sourcecode.swift; path = BuyResponse.swift; sourceTree = "<group>"; };
		90D6AD31292E366900C1CCEA /* UpdateBuyResponse.swift */ = {isa = PBXFileReference; lastKnownFileType = sourcecode.swift; path = UpdateBuyResponse.swift; sourceTree = "<group>"; };
		90D6AD33292E380900C1CCEA /* ItemResponse.swift */ = {isa = PBXFileReference; lastKnownFileType = sourcecode.swift; path = ItemResponse.swift; sourceTree = "<group>"; };
		90D6AD35292E384900C1CCEA /* GlobalItem.swift */ = {isa = PBXFileReference; lastKnownFileType = sourcecode.swift; path = GlobalItem.swift; sourceTree = "<group>"; };
		90D6AD37292E38BA00C1CCEA /* GlobalBadge.swift */ = {isa = PBXFileReference; lastKnownFileType = sourcecode.swift; path = GlobalBadge.swift; sourceTree = "<group>"; };
		90D6AD39292E38E300C1CCEA /* BadgeResponse.swift */ = {isa = PBXFileReference; lastKnownFileType = sourcecode.swift; path = BadgeResponse.swift; sourceTree = "<group>"; };
		90D6AD3D293604E100C1CCEA /* ProductTableCell.xib */ = {isa = PBXFileReference; lastKnownFileType = file.xib; path = ProductTableCell.xib; sourceTree = "<group>"; };
		90ED97F1291BC25600A6B983 /* User.swift */ = {isa = PBXFileReference; lastKnownFileType = sourcecode.swift; path = User.swift; sourceTree = "<group>"; };
		90ED97F3291BC26E00A6B983 /* TargetType.swift */ = {isa = PBXFileReference; lastKnownFileType = sourcecode.swift; path = TargetType.swift; sourceTree = "<group>"; };
		90ED97F7291BC2B000A6B983 /* SigninRequest.swift */ = {isa = PBXFileReference; lastKnownFileType = sourcecode.swift; path = SigninRequest.swift; sourceTree = "<group>"; };
		90ED97F9291BC2C600A6B983 /* UserResponse.swift */ = {isa = PBXFileReference; lastKnownFileType = sourcecode.swift; path = UserResponse.swift; sourceTree = "<group>"; };
		90ED97FB291BC75F00A6B983 /* Auth.swift */ = {isa = PBXFileReference; lastKnownFileType = sourcecode.swift; path = Auth.swift; sourceTree = "<group>"; };
		90ED97FD291BC8D500A6B983 /* UserServiceTarget.swift */ = {isa = PBXFileReference; lastKnownFileType = sourcecode.swift; path = UserServiceTarget.swift; sourceTree = "<group>"; };
		90ED97FF291BCA0000A6B983 /* HttpHeaderField.swift */ = {isa = PBXFileReference; lastKnownFileType = sourcecode.swift; path = HttpHeaderField.swift; sourceTree = "<group>"; };
		90ED9802291BCAEE00A6B983 /* UserServiceAPI.swift */ = {isa = PBXFileReference; lastKnownFileType = sourcecode.swift; path = UserServiceAPI.swift; sourceTree = "<group>"; };
		C0332FCB29360210001B9BE4 /* ProductViewController.swift */ = {isa = PBXFileReference; lastKnownFileType = sourcecode.swift; path = ProductViewController.swift; sourceTree = "<group>"; };
		C0332FCD2936021F001B9BE4 /* ProductTableCell.swift */ = {isa = PBXFileReference; lastKnownFileType = sourcecode.swift; path = ProductTableCell.swift; sourceTree = "<group>"; };
/* End PBXFileReference section */

/* Begin PBXFrameworksBuildPhase section */
		0D047574291B6B3800818C00 /* Frameworks */ = {
			isa = PBXFrameworksBuildPhase;
			buildActionMask = 2147483647;
			files = (
				0D3CC9FD291DFE3E000A0CC4 /* PanModal in Frameworks */,
				0D0475AF291B6FEA00818C00 /* Alamofire in Frameworks */,
			);
			runOnlyForDeploymentPostprocessing = 0;
		};
		0D04758A291B6B3A00818C00 /* Frameworks */ = {
			isa = PBXFrameworksBuildPhase;
			buildActionMask = 2147483647;
			files = (
			);
			runOnlyForDeploymentPostprocessing = 0;
		};
		0D047594291B6B3A00818C00 /* Frameworks */ = {
			isa = PBXFrameworksBuildPhase;
			buildActionMask = 2147483647;
			files = (
			);
			runOnlyForDeploymentPostprocessing = 0;
		};
/* End PBXFrameworksBuildPhase section */

/* Begin PBXGroup section */
		0D04756E291B6B3800818C00 = {
			isa = PBXGroup;
			children = (
				0D828DCF2929EBFD000D54BC /* CoreData.xcdatamodeld */,
				0D047579291B6B3800818C00 /* GreenSpace */,
				0D047590291B6B3A00818C00 /* GreenSpaceTests */,
				0D04759A291B6B3A00818C00 /* GreenSpaceUITests */,
				0D047578291B6B3800818C00 /* Products */,
			);
			sourceTree = "<group>";
		};
		0D047578291B6B3800818C00 /* Products */ = {
			isa = PBXGroup;
			children = (
				0D047577291B6B3800818C00 /* GreenSpace.app */,
				0D04758D291B6B3A00818C00 /* GreenSpaceTests.xctest */,
				0D047597291B6B3A00818C00 /* GreenSpaceUITests.xctest */,
			);
			name = Products;
			sourceTree = "<group>";
		};
		0D047579291B6B3800818C00 /* GreenSpace */ = {
			isa = PBXGroup;
			children = (
				90ED97EC291BC1FB00A6B983 /* Domain */,
				90ED97ED291BC20E00A6B983 /* Network */,
				0D0475AC291B6CFD00818C00 /* View */,
				0D0475AB291B6CFB00818C00 /* ViewController */,
				0D047583291B6B3900818C00 /* Assets.xcassets */,
				0D047588291B6B3900818C00 /* Info.plist */,
				0D04757A291B6B3800818C00 /* AppDelegate.swift */,
				0D04757C291B6B3800818C00 /* SceneDelegate.swift */,
			);
			path = GreenSpace;
			sourceTree = "<group>";
		};
		0D047590291B6B3A00818C00 /* GreenSpaceTests */ = {
			isa = PBXGroup;
			children = (
				0D047591291B6B3A00818C00 /* GreenSpaceTests.swift */,
			);
			path = GreenSpaceTests;
			sourceTree = "<group>";
		};
		0D04759A291B6B3A00818C00 /* GreenSpaceUITests */ = {
			isa = PBXGroup;
			children = (
				0D04759B291B6B3A00818C00 /* GreenSpaceUITests.swift */,
				0D04759D291B6B3A00818C00 /* GreenSpaceUITestsLaunchTests.swift */,
			);
			path = GreenSpaceUITests;
			sourceTree = "<group>";
		};
		0D0475AB291B6CFB00818C00 /* ViewController */ = {
			isa = PBXGroup;
			children = (
				0D04757E291B6B3800818C00 /* LoginViewController.swift */,
				0D0475B0291B70C200818C00 /* SettingViewController.swift */,
				0D0475B2291B70F400818C00 /* HomeViewController.swift */,
				0D0475B4291B710800818C00 /* AlarmViewController.swift */,
				0D0475B6291B860A00818C00 /* AlarmTableViewCell.swift */,
				0D0475BC291CCF1A00818C00 /* MyItemCollectionViewController.swift */,
				0D3CCA04291E1991000A0CC4 /* MyItemCollectionViewCell.swift */,
				0D3CC9FE291E05A0000A0CC4 /* BetgeCollectionViewController.swift */,
				0DCD13D1291D0D6E00BE3B9B /* BetgeCollectionViewCell.swift */,
				0D3B3D9B2924FCE2003FC488 /* CustomView.swift */,
				4A0627CD2934C3C9009BAEB4 /* FriendViewController.swift */,
				4A0627D12934C402009BAEB4 /* FriendTableCell.swift */,
				C0332FCD2936021F001B9BE4 /* ProductTableCell.swift */,
				C0332FCB29360210001B9BE4 /* ProductViewController.swift */,
			);
			path = ViewController;
			sourceTree = "<group>";
		};
		0D0475AC291B6CFD00818C00 /* View */ = {
			isa = PBXGroup;
			children = (
				0D047580291B6B3800818C00 /* Main.storyboard */,
				0D3CCA02291E193F000A0CC4 /* MyItemCollectionViewCell.xib */,
				0D047585291B6B3900818C00 /* LaunchScreen.storyboard */,
				0D3CCA00291E0A28000A0CC4 /* BetgeCollectionViewCell.xib */,
				4A0627CF2934C3F6009BAEB4 /* FriendTableCell.xib */,
				90D6AD3D293604E100C1CCEA /* ProductTableCell.xib */,
			);
			path = View;
			sourceTree = "<group>";
		};
		0D828E18292CF7AB000D54BC /* Models */ = {
			isa = PBXGroup;
			children = (
				90D6AD17292E28D600C1CCEA /* BookmarkRequest.swift */,
				90D6AD1D292E2AC600C1CCEA /* ProductResponse.swift */,
				90D6AD23292E2C8600C1CCEA /* BookmarkResponse.swift */,
			);
			path = Models;
			sourceTree = "<group>";
		};
		0D828E19292CF7AF000D54BC /* Models */ = {
			isa = PBXGroup;
			children = (
				0D828E1F292E318E000D54BC /* PostServiceRequest.swift */,
				0D828E2D292F7A48000D54BC /* PostDeleteResponse.swift */,
				0D828E2F292F7BAA000D54BC /* PostPostResponse.swift */,
				0D828E21292E319D000D54BC /* PostServiceResponse.swift */,
			);
			path = Models;
			sourceTree = "<group>";
		};
		0D828E1E292CFA28000D54BC /* Models */ = {
			isa = PBXGroup;
			children = (
				90D6AD25292E343B00C1CCEA /* BuyRequest.swift */,
				90D6AD27292E34A800C1CCEA /* SpaceRequest.swift */,
				90D6AD31292E366900C1CCEA /* UpdateBuyResponse.swift */,
				90D6AD39292E38E300C1CCEA /* BadgeResponse.swift */,
				90D6AD33292E380900C1CCEA /* ItemResponse.swift */,
				90D6AD2F292E35B500C1CCEA /* BuyResponse.swift */,
			);
			path = Models;
			sourceTree = "<group>";
		};
		90CADFAA2929F66A0074A363 /* FriendService */ = {
			isa = PBXGroup;
			children = (
				90CADFB02929F6A80074A363 /* Models */,
				90CADFB22929F6C00074A363 /* FriendServiceAPI.swift */,
				90CADFB42929F6CA0074A363 /* FriendServiceTarget.swift */,
			);
			path = FriendService;
			sourceTree = "<group>";
		};
		90CADFAB2929F67A0074A363 /* ItemService */ = {
			isa = PBXGroup;
			children = (
				0D828E1E292CFA28000D54BC /* Models */,
				90CADFB62929F6DE0074A363 /* ItemServiceAPI.swift */,
				90CADFB82929F6E50074A363 /* ItemServiceTarget.swift */,
			);
			path = ItemService;
			sourceTree = "<group>";
		};
		90CADFAC2929F6830074A363 /* ProductService */ = {
			isa = PBXGroup;
			children = (
				0D828E18292CF7AB000D54BC /* Models */,
				90CADFBA2929F6F40074A363 /* ProductServiceAPI.swift */,
				90CADFBC2929F6FC0074A363 /* ProductServiceTarget.swift */,
			);
			path = ProductService;
			sourceTree = "<group>";
		};
		90CADFAD2929F68F0074A363 /* PostService */ = {
			isa = PBXGroup;
			children = (
				0D828E19292CF7AF000D54BC /* Models */,
				90CADFBE2929F7050074A363 /* PostServiceAPI.swift */,
				90CADFC02929F70C0074A363 /* PostServieTarget.swift */,
			);
			path = PostService;
			sourceTree = "<group>";
		};
		90CADFB02929F6A80074A363 /* Models */ = {
			isa = PBXGroup;
			children = (
				90CADFCB2929FED80074A363 /* FollowingRequest.swift */,
				90CADFD1292A00990074A363 /* FollowingResponse.swift */,
				90CADFD3292A02750074A363 /* FollowingListResponse.swift */,
				90D6AD13292CF82D00C1CCEA /* FollowedListResponse.swift */,
				90CADFCF292A00290074A363 /* FollowedListRequest.swift */,
			);
			path = Models;
			sourceTree = "<group>";
		};
		90CADFC62929FE170074A363 /* Common */ = {
			isa = PBXGroup;
			children = (
				90CADFC22929FAF40074A363 /* GlobalUsers.swift */,
				90D6AD0F292CF7E000C1CCEA /* GlobalFollowingUsers.swift */,
				90D6AD11292CF7FA00C1CCEA /* GlobalFollwedUsers.swift */,
				90D6AD1B292E2A5100C1CCEA /* GlobalProducts.swift */,
				90D6AD21292E2C2F00C1CCEA /* GlobalBookmark.swift */,
				90D6AD2D292E354A00C1CCEA /* GlobalBuy.swift */,
				90D6AD35292E384900C1CCEA /* GlobalItem.swift */,
				90D6AD37292E38BA00C1CCEA /* GlobalBadge.swift */,
				0D828E23292E34F3000D54BC /* GlobalPost.swift */,
				0D828E31292F8366000D54BC /* GlobalUser.swift */,
			);
			path = Common;
			sourceTree = "<group>";
		};
		90ED97EC291BC1FB00A6B983 /* Domain */ = {
			isa = PBXGroup;
			children = (
				90CADFC62929FE170074A363 /* Common */,
				90ED97F0291BC24300A6B983 /* Models */,
			);
			path = Domain;
			sourceTree = "<group>";
		};
		90ED97ED291BC20E00A6B983 /* Network */ = {
			isa = PBXGroup;
			children = (
				90ED97EE291BC22500A6B983 /* Bases */,
				90ED97EF291BC22D00A6B983 /* APIs */,
			);
			path = Network;
			sourceTree = "<group>";
		};
		90ED97EE291BC22500A6B983 /* Bases */ = {
			isa = PBXGroup;
			children = (
				90ED97F3291BC26E00A6B983 /* TargetType.swift */,
				90CADFA82929EAF00074A363 /* MyRequestInterceptor.swift */,
				90ED97FF291BCA0000A6B983 /* HttpHeaderField.swift */,
				90D6AD0B292CF3F000C1CCEA /* EmptyResponse.swift */,
				90D6AD09292CF32500C1CCEA /* EmptyRequest.swift */,
				90D6AD15292CF90900C1CCEA /* MessageResponse.swift */,
			);
			path = Bases;
			sourceTree = "<group>";
		};
		90ED97EF291BC22D00A6B983 /* APIs */ = {
			isa = PBXGroup;
			children = (
				90CADFAD2929F68F0074A363 /* PostService */,
				90CADFAC2929F6830074A363 /* ProductService */,
				90CADFAB2929F67A0074A363 /* ItemService */,
				90CADFAA2929F66A0074A363 /* FriendService */,
				90ED97F5291BC29B00A6B983 /* UserService */,
			);
			path = APIs;
			sourceTree = "<group>";
		};
		90ED97F0291BC24300A6B983 /* Models */ = {
			isa = PBXGroup;
			children = (
				90ED97F1291BC25600A6B983 /* User.swift */,
				90CADFC72929FE510074A363 /* NoResponse.swift */,
				90CADFC42929FDDF0074A363 /* Users.swift */,
				90D6AD19292E2A0500C1CCEA /* Product.swift */,
				90D6AD1F292E2C1100C1CCEA /* Bookmark.swift */,
				90ED97FB291BC75F00A6B983 /* Auth.swift */,
				90D6AD29292E34DE00C1CCEA /* Buy.swift */,
				90D6AD2B292E34F500C1CCEA /* Item.swift */,
				0D828E25292E3557000D54BC /* Post.swift */,
			);
			path = Models;
			sourceTree = "<group>";
		};
		90ED97F5291BC29B00A6B983 /* UserService */ = {
			isa = PBXGroup;
			children = (
				90ED97F6291BC2A200A6B983 /* Models */,
				90ED9802291BCAEE00A6B983 /* UserServiceAPI.swift */,
				90ED97FD291BC8D500A6B983 /* UserServiceTarget.swift */,
			);
			path = UserService;
			sourceTree = "<group>";
		};
		90ED97F6291BC2A200A6B983 /* Models */ = {
			isa = PBXGroup;
			children = (
				90ED97F7291BC2B000A6B983 /* SigninRequest.swift */,
				90D6AD05292CED7700C1CCEA /* SignupRequest.swift */,
				90ED97F9291BC2C600A6B983 /* UserResponse.swift */,
				90D6AD0D292CF5E600C1CCEA /* UserRequest.swift */,
				90D6AD07292CEE7800C1CCEA /* SignupResponse.swift */,
				9046351D292A09C400FB1061 /* LoginResponse.swift */,
			);
			path = Models;
			sourceTree = "<group>";
		};
/* End PBXGroup section */

/* Begin PBXNativeTarget section */
		0D047576291B6B3800818C00 /* GreenSpace */ = {
			isa = PBXNativeTarget;
			buildConfigurationList = 0D0475A1291B6B3A00818C00 /* Build configuration list for PBXNativeTarget "GreenSpace" */;
			buildPhases = (
				0D047573291B6B3800818C00 /* Sources */,
				0D047574291B6B3800818C00 /* Frameworks */,
				0D047575291B6B3800818C00 /* Resources */,
			);
			buildRules = (
			);
			dependencies = (
			);
			name = GreenSpace;
			packageProductDependencies = (
				0D0475AE291B6FEA00818C00 /* Alamofire */,
				0D3CC9FC291DFE3E000A0CC4 /* PanModal */,
			);
			productName = GreenSpace;
			productReference = 0D047577291B6B3800818C00 /* GreenSpace.app */;
			productType = "com.apple.product-type.application";
		};
		0D04758C291B6B3A00818C00 /* GreenSpaceTests */ = {
			isa = PBXNativeTarget;
			buildConfigurationList = 0D0475A4291B6B3A00818C00 /* Build configuration list for PBXNativeTarget "GreenSpaceTests" */;
			buildPhases = (
				0D047589291B6B3A00818C00 /* Sources */,
				0D04758A291B6B3A00818C00 /* Frameworks */,
				0D04758B291B6B3A00818C00 /* Resources */,
			);
			buildRules = (
			);
			dependencies = (
				0D04758F291B6B3A00818C00 /* PBXTargetDependency */,
			);
			name = GreenSpaceTests;
			productName = GreenSpaceTests;
			productReference = 0D04758D291B6B3A00818C00 /* GreenSpaceTests.xctest */;
			productType = "com.apple.product-type.bundle.unit-test";
		};
		0D047596291B6B3A00818C00 /* GreenSpaceUITests */ = {
			isa = PBXNativeTarget;
			buildConfigurationList = 0D0475A7291B6B3A00818C00 /* Build configuration list for PBXNativeTarget "GreenSpaceUITests" */;
			buildPhases = (
				0D047593291B6B3A00818C00 /* Sources */,
				0D047594291B6B3A00818C00 /* Frameworks */,
				0D047595291B6B3A00818C00 /* Resources */,
			);
			buildRules = (
			);
			dependencies = (
				0D047599291B6B3A00818C00 /* PBXTargetDependency */,
			);
			name = GreenSpaceUITests;
			productName = GreenSpaceUITests;
			productReference = 0D047597291B6B3A00818C00 /* GreenSpaceUITests.xctest */;
			productType = "com.apple.product-type.bundle.ui-testing";
		};
/* End PBXNativeTarget section */

/* Begin PBXProject section */
		0D04756F291B6B3800818C00 /* Project object */ = {
			isa = PBXProject;
			attributes = {
				BuildIndependentTargetsInParallel = 1;
				LastSwiftUpdateCheck = 1400;
				LastUpgradeCheck = 1400;
				TargetAttributes = {
					0D047576291B6B3800818C00 = {
						CreatedOnToolsVersion = 14.0;
					};
					0D04758C291B6B3A00818C00 = {
						CreatedOnToolsVersion = 14.0;
						TestTargetID = 0D047576291B6B3800818C00;
					};
					0D047596291B6B3A00818C00 = {
						CreatedOnToolsVersion = 14.0;
						TestTargetID = 0D047576291B6B3800818C00;
					};
				};
			};
			buildConfigurationList = 0D047572291B6B3800818C00 /* Build configuration list for PBXProject "GreenSpace" */;
			compatibilityVersion = "Xcode 14.0";
			developmentRegion = en;
			hasScannedForEncodings = 0;
			knownRegions = (
				en,
				Base,
			);
			mainGroup = 0D04756E291B6B3800818C00;
			packageReferences = (
				0D0475AD291B6FEA00818C00 /* XCRemoteSwiftPackageReference "Alamofire" */,
				0D3CC9FB291DFE3E000A0CC4 /* XCRemoteSwiftPackageReference "PanModal" */,
			);
			productRefGroup = 0D047578291B6B3800818C00 /* Products */;
			projectDirPath = "";
			projectRoot = "";
			targets = (
				0D047576291B6B3800818C00 /* GreenSpace */,
				0D04758C291B6B3A00818C00 /* GreenSpaceTests */,
				0D047596291B6B3A00818C00 /* GreenSpaceUITests */,
			);
		};
/* End PBXProject section */

/* Begin PBXResourcesBuildPhase section */
		0D047575291B6B3800818C00 /* Resources */ = {
			isa = PBXResourcesBuildPhase;
			buildActionMask = 2147483647;
			files = (
				0D047587291B6B3900818C00 /* LaunchScreen.storyboard in Resources */,
				0D047584291B6B3900818C00 /* Assets.xcassets in Resources */,
				0D3CCA01291E0A28000A0CC4 /* BetgeCollectionViewCell.xib in Resources */,
				0D047582291B6B3800818C00 /* Main.storyboard in Resources */,
				90D6AD3E293604E100C1CCEA /* ProductTableCell.xib in Resources */,
				4A0627D02934C3F6009BAEB4 /* FriendTableCell.xib in Resources */,
				0D3CCA03291E193F000A0CC4 /* MyItemCollectionViewCell.xib in Resources */,
			);
			runOnlyForDeploymentPostprocessing = 0;
		};
		0D04758B291B6B3A00818C00 /* Resources */ = {
			isa = PBXResourcesBuildPhase;
			buildActionMask = 2147483647;
			files = (
			);
			runOnlyForDeploymentPostprocessing = 0;
		};
		0D047595291B6B3A00818C00 /* Resources */ = {
			isa = PBXResourcesBuildPhase;
			buildActionMask = 2147483647;
			files = (
			);
			runOnlyForDeploymentPostprocessing = 0;
		};
/* End PBXResourcesBuildPhase section */

/* Begin PBXSourcesBuildPhase section */
		0D047573291B6B3800818C00 /* Sources */ = {
			isa = PBXSourcesBuildPhase;
			buildActionMask = 2147483647;
			files = (
				0D0475B3291B70F400818C00 /* HomeViewController.swift in Sources */,
				90D6AD16292CF90900C1CCEA /* MessageResponse.swift in Sources */,
				0D828E24292E34F3000D54BC /* GlobalPost.swift in Sources */,
				C0332FCC29360210001B9BE4 /* ProductViewController.swift in Sources */,
				90CADFB32929F6C00074A363 /* FriendServiceAPI.swift in Sources */,
				90CADFA92929EAF00074A363 /* MyRequestInterceptor.swift in Sources */,
				0D04757F291B6B3800818C00 /* LoginViewController.swift in Sources */,
				0DCD13D2291D0D6E00BE3B9B /* BetgeCollectionViewCell.swift in Sources */,
				90D6AD3A292E38E300C1CCEA /* BadgeResponse.swift in Sources */,
				90D6AD1A292E2A0500C1CCEA /* Product.swift in Sources */,
				90D6AD10292CF7E000C1CCEA /* GlobalFollowingUsers.swift in Sources */,
				0D0475B5291B710800818C00 /* AlarmViewController.swift in Sources */,
				C0332FCE2936021F001B9BE4 /* ProductTableCell.swift in Sources */,
				90ED97F4291BC26E00A6B983 /* TargetType.swift in Sources */,
				0D3B3D9C2924FCE2003FC488 /* CustomView.swift in Sources */,
				90CADFB72929F6DE0074A363 /* ItemServiceAPI.swift in Sources */,
				90CADFC82929FE510074A363 /* NoResponse.swift in Sources */,
				0D04757B291B6B3800818C00 /* AppDelegate.swift in Sources */,
				90CADFC12929F70C0074A363 /* PostServieTarget.swift in Sources */,
				90D6AD06292CED7700C1CCEA /* SignupRequest.swift in Sources */,
				90D6AD38292E38BA00C1CCEA /* GlobalBadge.swift in Sources */,
				90D6AD26292E343B00C1CCEA /* BuyRequest.swift in Sources */,
				90ED97F2291BC25600A6B983 /* User.swift in Sources */,
				90ED9803291BCAEE00A6B983 /* UserServiceAPI.swift in Sources */,
				0D04757D291B6B3800818C00 /* SceneDelegate.swift in Sources */,
				90CADFBB2929F6F40074A363 /* ProductServiceAPI.swift in Sources */,
				90D6AD34292E380900C1CCEA /* ItemResponse.swift in Sources */,
				90D6AD2A292E34DE00C1CCEA /* Buy.swift in Sources */,
				90CADFBD2929F6FC0074A363 /* ProductServiceTarget.swift in Sources */,
				90D6AD2E292E354A00C1CCEA /* GlobalBuy.swift in Sources */,
				0D828E26292E3557000D54BC /* Post.swift in Sources */,
				0D828E2E292F7A48000D54BC /* PostDeleteResponse.swift in Sources */,
				90CADFD4292A02750074A363 /* FollowingListResponse.swift in Sources */,
				90D6AD30292E35B600C1CCEA /* BuyResponse.swift in Sources */,
				90D6AD1C292E2A5100C1CCEA /* GlobalProducts.swift in Sources */,
				90CADFB52929F6CA0074A363 /* FriendServiceTarget.swift in Sources */,
				90D6AD12292CF7FA00C1CCEA /* GlobalFollwedUsers.swift in Sources */,
				0D3CC9FF291E05A0000A0CC4 /* BetgeCollectionViewController.swift in Sources */,
				90D6AD2C292E34F500C1CCEA /* Item.swift in Sources */,
				90D6AD0C292CF3F000C1CCEA /* EmptyResponse.swift in Sources */,
				0D0475B7291B860A00818C00 /* AlarmTableViewCell.swift in Sources */,
				90D6AD0E292CF5E600C1CCEA /* UserRequest.swift in Sources */,
				0D0475BD291CCF1A00818C00 /* MyItemCollectionViewController.swift in Sources */,
				90D6AD24292E2C8600C1CCEA /* BookmarkResponse.swift in Sources */,
				90ED97F8291BC2B000A6B983 /* SigninRequest.swift in Sources */,
				90D6AD22292E2C2F00C1CCEA /* GlobalBookmark.swift in Sources */,
				0D828E30292F7BAA000D54BC /* PostPostResponse.swift in Sources */,
				0D828E22292E319D000D54BC /* PostServiceResponse.swift in Sources */,
				90D6AD08292CEE7800C1CCEA /* SignupResponse.swift in Sources */,
				90D6AD36292E384900C1CCEA /* GlobalItem.swift in Sources */,
				0D0475B1291B70C200818C00 /* SettingViewController.swift in Sources */,
				90CADFCC2929FED80074A363 /* FollowingRequest.swift in Sources */,
				90CADFD0292A00290074A363 /* FollowedListRequest.swift in Sources */,
				90D6AD32292E366900C1CCEA /* UpdateBuyResponse.swift in Sources */,
				90D6AD20292E2C1100C1CCEA /* Bookmark.swift in Sources */,
				90ED97FE291BC8D500A6B983 /* UserServiceTarget.swift in Sources */,
				90ED9800291BCA0000A6B983 /* HttpHeaderField.swift in Sources */,
				90CADFC52929FDDF0074A363 /* Users.swift in Sources */,
				90ED97FA291BC2C600A6B983 /* UserResponse.swift in Sources */,
				90D6AD0A292CF32500C1CCEA /* EmptyRequest.swift in Sources */,
				0D3CCA05291E1991000A0CC4 /* MyItemCollectionViewCell.swift in Sources */,
				0D828E32292F8366000D54BC /* GlobalUser.swift in Sources */,
				4A0627CE2934C3C9009BAEB4 /* FriendViewController.swift in Sources */,
				9046351E292A09C400FB1061 /* LoginResponse.swift in Sources */,
				90CADFBF2929F7050074A363 /* PostServiceAPI.swift in Sources */,
				90ED97FC291BC75F00A6B983 /* Auth.swift in Sources */,
				0D828DD12929EBFD000D54BC /* CoreData.xcdatamodeld in Sources */,
				90D6AD1E292E2AC600C1CCEA /* ProductResponse.swift in Sources */,
				90D6AD28292E34A800C1CCEA /* SpaceRequest.swift in Sources */,
				0D828E20292E318E000D54BC /* PostServiceRequest.swift in Sources */,
				90CADFC32929FAF40074A363 /* GlobalUsers.swift in Sources */,
				90CADFB92929F6E50074A363 /* ItemServiceTarget.swift in Sources */,
				90D6AD14292CF82D00C1CCEA /* FollowedListResponse.swift in Sources */,
				90CADFD2292A00990074A363 /* FollowingResponse.swift in Sources */,
				4A0627D22934C402009BAEB4 /* FriendTableCell.swift in Sources */,
				90D6AD18292E28D600C1CCEA /* BookmarkRequest.swift in Sources */,
			);
			runOnlyForDeploymentPostprocessing = 0;
		};
		0D047589291B6B3A00818C00 /* Sources */ = {
			isa = PBXSourcesBuildPhase;
			buildActionMask = 2147483647;
			files = (
				0D047592291B6B3A00818C00 /* GreenSpaceTests.swift in Sources */,
			);
			runOnlyForDeploymentPostprocessing = 0;
		};
		0D047593291B6B3A00818C00 /* Sources */ = {
			isa = PBXSourcesBuildPhase;
			buildActionMask = 2147483647;
			files = (
				0D04759C291B6B3A00818C00 /* GreenSpaceUITests.swift in Sources */,
				0D04759E291B6B3A00818C00 /* GreenSpaceUITestsLaunchTests.swift in Sources */,
			);
			runOnlyForDeploymentPostprocessing = 0;
		};
/* End PBXSourcesBuildPhase section */

/* Begin PBXTargetDependency section */
		0D04758F291B6B3A00818C00 /* PBXTargetDependency */ = {
			isa = PBXTargetDependency;
			target = 0D047576291B6B3800818C00 /* GreenSpace */;
			targetProxy = 0D04758E291B6B3A00818C00 /* PBXContainerItemProxy */;
		};
		0D047599291B6B3A00818C00 /* PBXTargetDependency */ = {
			isa = PBXTargetDependency;
			target = 0D047576291B6B3800818C00 /* GreenSpace */;
			targetProxy = 0D047598291B6B3A00818C00 /* PBXContainerItemProxy */;
		};
/* End PBXTargetDependency section */

/* Begin PBXVariantGroup section */
		0D047580291B6B3800818C00 /* Main.storyboard */ = {
			isa = PBXVariantGroup;
			children = (
				0D047581291B6B3800818C00 /* Base */,
			);
			name = Main.storyboard;
			sourceTree = "<group>";
		};
		0D047585291B6B3900818C00 /* LaunchScreen.storyboard */ = {
			isa = PBXVariantGroup;
			children = (
				0D047586291B6B3900818C00 /* Base */,
			);
			name = LaunchScreen.storyboard;
			sourceTree = "<group>";
		};
/* End PBXVariantGroup section */

/* Begin XCBuildConfiguration section */
		0D04759F291B6B3A00818C00 /* Debug */ = {
			isa = XCBuildConfiguration;
			buildSettings = {
				ALWAYS_SEARCH_USER_PATHS = NO;
				CLANG_ANALYZER_NONNULL = YES;
				CLANG_ANALYZER_NUMBER_OBJECT_CONVERSION = YES_AGGRESSIVE;
				CLANG_CXX_LANGUAGE_STANDARD = "gnu++20";
				CLANG_ENABLE_MODULES = YES;
				CLANG_ENABLE_OBJC_ARC = YES;
				CLANG_ENABLE_OBJC_WEAK = YES;
				CLANG_WARN_BLOCK_CAPTURE_AUTORELEASING = YES;
				CLANG_WARN_BOOL_CONVERSION = YES;
				CLANG_WARN_COMMA = YES;
				CLANG_WARN_CONSTANT_CONVERSION = YES;
				CLANG_WARN_DEPRECATED_OBJC_IMPLEMENTATIONS = YES;
				CLANG_WARN_DIRECT_OBJC_ISA_USAGE = YES_ERROR;
				CLANG_WARN_DOCUMENTATION_COMMENTS = YES;
				CLANG_WARN_EMPTY_BODY = YES;
				CLANG_WARN_ENUM_CONVERSION = YES;
				CLANG_WARN_INFINITE_RECURSION = YES;
				CLANG_WARN_INT_CONVERSION = YES;
				CLANG_WARN_NON_LITERAL_NULL_CONVERSION = YES;
				CLANG_WARN_OBJC_IMPLICIT_RETAIN_SELF = YES;
				CLANG_WARN_OBJC_LITERAL_CONVERSION = YES;
				CLANG_WARN_OBJC_ROOT_CLASS = YES_ERROR;
				CLANG_WARN_QUOTED_INCLUDE_IN_FRAMEWORK_HEADER = YES;
				CLANG_WARN_RANGE_LOOP_ANALYSIS = YES;
				CLANG_WARN_STRICT_PROTOTYPES = YES;
				CLANG_WARN_SUSPICIOUS_MOVE = YES;
				CLANG_WARN_UNGUARDED_AVAILABILITY = YES_AGGRESSIVE;
				CLANG_WARN_UNREACHABLE_CODE = YES;
				CLANG_WARN__DUPLICATE_METHOD_MATCH = YES;
				COPY_PHASE_STRIP = NO;
				DEBUG_INFORMATION_FORMAT = dwarf;
				ENABLE_STRICT_OBJC_MSGSEND = YES;
				ENABLE_TESTABILITY = YES;
				GCC_C_LANGUAGE_STANDARD = gnu11;
				GCC_DYNAMIC_NO_PIC = NO;
				GCC_NO_COMMON_BLOCKS = YES;
				GCC_OPTIMIZATION_LEVEL = 0;
				GCC_PREPROCESSOR_DEFINITIONS = (
					"DEBUG=1",
					"$(inherited)",
				);
				GCC_WARN_64_TO_32_BIT_CONVERSION = YES;
				GCC_WARN_ABOUT_RETURN_TYPE = YES_ERROR;
				GCC_WARN_UNDECLARED_SELECTOR = YES;
				GCC_WARN_UNINITIALIZED_AUTOS = YES_AGGRESSIVE;
				GCC_WARN_UNUSED_FUNCTION = YES;
				GCC_WARN_UNUSED_VARIABLE = YES;
				IPHONEOS_DEPLOYMENT_TARGET = 16.0;
				MTL_ENABLE_DEBUG_INFO = INCLUDE_SOURCE;
				MTL_FAST_MATH = YES;
				ONLY_ACTIVE_ARCH = YES;
				SDKROOT = iphoneos;
				SWIFT_ACTIVE_COMPILATION_CONDITIONS = DEBUG;
				SWIFT_OPTIMIZATION_LEVEL = "-Onone";
			};
			name = Debug;
		};
		0D0475A0291B6B3A00818C00 /* Release */ = {
			isa = XCBuildConfiguration;
			buildSettings = {
				ALWAYS_SEARCH_USER_PATHS = NO;
				CLANG_ANALYZER_NONNULL = YES;
				CLANG_ANALYZER_NUMBER_OBJECT_CONVERSION = YES_AGGRESSIVE;
				CLANG_CXX_LANGUAGE_STANDARD = "gnu++20";
				CLANG_ENABLE_MODULES = YES;
				CLANG_ENABLE_OBJC_ARC = YES;
				CLANG_ENABLE_OBJC_WEAK = YES;
				CLANG_WARN_BLOCK_CAPTURE_AUTORELEASING = YES;
				CLANG_WARN_BOOL_CONVERSION = YES;
				CLANG_WARN_COMMA = YES;
				CLANG_WARN_CONSTANT_CONVERSION = YES;
				CLANG_WARN_DEPRECATED_OBJC_IMPLEMENTATIONS = YES;
				CLANG_WARN_DIRECT_OBJC_ISA_USAGE = YES_ERROR;
				CLANG_WARN_DOCUMENTATION_COMMENTS = YES;
				CLANG_WARN_EMPTY_BODY = YES;
				CLANG_WARN_ENUM_CONVERSION = YES;
				CLANG_WARN_INFINITE_RECURSION = YES;
				CLANG_WARN_INT_CONVERSION = YES;
				CLANG_WARN_NON_LITERAL_NULL_CONVERSION = YES;
				CLANG_WARN_OBJC_IMPLICIT_RETAIN_SELF = YES;
				CLANG_WARN_OBJC_LITERAL_CONVERSION = YES;
				CLANG_WARN_OBJC_ROOT_CLASS = YES_ERROR;
				CLANG_WARN_QUOTED_INCLUDE_IN_FRAMEWORK_HEADER = YES;
				CLANG_WARN_RANGE_LOOP_ANALYSIS = YES;
				CLANG_WARN_STRICT_PROTOTYPES = YES;
				CLANG_WARN_SUSPICIOUS_MOVE = YES;
				CLANG_WARN_UNGUARDED_AVAILABILITY = YES_AGGRESSIVE;
				CLANG_WARN_UNREACHABLE_CODE = YES;
				CLANG_WARN__DUPLICATE_METHOD_MATCH = YES;
				COPY_PHASE_STRIP = NO;
				DEBUG_INFORMATION_FORMAT = "dwarf-with-dsym";
				ENABLE_NS_ASSERTIONS = NO;
				ENABLE_STRICT_OBJC_MSGSEND = YES;
				GCC_C_LANGUAGE_STANDARD = gnu11;
				GCC_NO_COMMON_BLOCKS = YES;
				GCC_WARN_64_TO_32_BIT_CONVERSION = YES;
				GCC_WARN_ABOUT_RETURN_TYPE = YES_ERROR;
				GCC_WARN_UNDECLARED_SELECTOR = YES;
				GCC_WARN_UNINITIALIZED_AUTOS = YES_AGGRESSIVE;
				GCC_WARN_UNUSED_FUNCTION = YES;
				GCC_WARN_UNUSED_VARIABLE = YES;
				IPHONEOS_DEPLOYMENT_TARGET = 16.0;
				MTL_ENABLE_DEBUG_INFO = NO;
				MTL_FAST_MATH = YES;
				SDKROOT = iphoneos;
				SWIFT_COMPILATION_MODE = wholemodule;
				SWIFT_OPTIMIZATION_LEVEL = "-O";
				VALIDATE_PRODUCT = YES;
			};
			name = Release;
		};
		0D0475A2291B6B3A00818C00 /* Debug */ = {
			isa = XCBuildConfiguration;
			buildSettings = {
				ASSETCATALOG_COMPILER_APPICON_NAME = AppIcon;
				ASSETCATALOG_COMPILER_GLOBAL_ACCENT_COLOR_NAME = AccentColor;
				CODE_SIGN_STYLE = Automatic;
				CURRENT_PROJECT_VERSION = 1;
				GENERATE_INFOPLIST_FILE = YES;
				INFOPLIST_FILE = GreenSpace/Info.plist;
				INFOPLIST_KEY_UIApplicationSupportsIndirectInputEvents = YES;
				INFOPLIST_KEY_UILaunchStoryboardName = LaunchScreen;
				INFOPLIST_KEY_UIMainStoryboardFile = Main;
				INFOPLIST_KEY_UISupportedInterfaceOrientations_iPad = "UIInterfaceOrientationPortrait UIInterfaceOrientationPortraitUpsideDown UIInterfaceOrientationLandscapeLeft UIInterfaceOrientationLandscapeRight";
				INFOPLIST_KEY_UISupportedInterfaceOrientations_iPhone = "UIInterfaceOrientationPortrait UIInterfaceOrientationLandscapeLeft UIInterfaceOrientationLandscapeRight";
				LD_RUNPATH_SEARCH_PATHS = (
					"$(inherited)",
					"@executable_path/Frameworks",
				);
				MARKETING_VERSION = 1.0;
				PRODUCT_BUNDLE_IDENTIFIER = no2.GreenSpace;
				PRODUCT_NAME = "$(TARGET_NAME)";
				SWIFT_EMIT_LOC_STRINGS = YES;
				SWIFT_VERSION = 5.0;
				TARGETED_DEVICE_FAMILY = "1,2";
			};
			name = Debug;
		};
		0D0475A3291B6B3A00818C00 /* Release */ = {
			isa = XCBuildConfiguration;
			buildSettings = {
				ASSETCATALOG_COMPILER_APPICON_NAME = AppIcon;
				ASSETCATALOG_COMPILER_GLOBAL_ACCENT_COLOR_NAME = AccentColor;
				CODE_SIGN_STYLE = Automatic;
				CURRENT_PROJECT_VERSION = 1;
				GENERATE_INFOPLIST_FILE = YES;
				INFOPLIST_FILE = GreenSpace/Info.plist;
				INFOPLIST_KEY_UIApplicationSupportsIndirectInputEvents = YES;
				INFOPLIST_KEY_UILaunchStoryboardName = LaunchScreen;
				INFOPLIST_KEY_UIMainStoryboardFile = Main;
				INFOPLIST_KEY_UISupportedInterfaceOrientations_iPad = "UIInterfaceOrientationPortrait UIInterfaceOrientationPortraitUpsideDown UIInterfaceOrientationLandscapeLeft UIInterfaceOrientationLandscapeRight";
				INFOPLIST_KEY_UISupportedInterfaceOrientations_iPhone = "UIInterfaceOrientationPortrait UIInterfaceOrientationLandscapeLeft UIInterfaceOrientationLandscapeRight";
				LD_RUNPATH_SEARCH_PATHS = (
					"$(inherited)",
					"@executable_path/Frameworks",
				);
				MARKETING_VERSION = 1.0;
				PRODUCT_BUNDLE_IDENTIFIER = no2.GreenSpace;
				PRODUCT_NAME = "$(TARGET_NAME)";
				SWIFT_EMIT_LOC_STRINGS = YES;
				SWIFT_VERSION = 5.0;
				TARGETED_DEVICE_FAMILY = "1,2";
			};
			name = Release;
		};
		0D0475A5291B6B3A00818C00 /* Debug */ = {
			isa = XCBuildConfiguration;
			buildSettings = {
				ALWAYS_EMBED_SWIFT_STANDARD_LIBRARIES = YES;
				BUNDLE_LOADER = "$(TEST_HOST)";
				CODE_SIGN_STYLE = Automatic;
				CURRENT_PROJECT_VERSION = 1;
				GENERATE_INFOPLIST_FILE = YES;
				IPHONEOS_DEPLOYMENT_TARGET = 16.0;
				MARKETING_VERSION = 1.0;
				PRODUCT_BUNDLE_IDENTIFIER = no2.GreenSpaceTests;
				PRODUCT_NAME = "$(TARGET_NAME)";
				SWIFT_EMIT_LOC_STRINGS = NO;
				SWIFT_VERSION = 5.0;
				TARGETED_DEVICE_FAMILY = "1,2";
				TEST_HOST = "$(BUILT_PRODUCTS_DIR)/GreenSpace.app/$(BUNDLE_EXECUTABLE_FOLDER_PATH)/GreenSpace";
			};
			name = Debug;
		};
		0D0475A6291B6B3A00818C00 /* Release */ = {
			isa = XCBuildConfiguration;
			buildSettings = {
				ALWAYS_EMBED_SWIFT_STANDARD_LIBRARIES = YES;
				BUNDLE_LOADER = "$(TEST_HOST)";
				CODE_SIGN_STYLE = Automatic;
				CURRENT_PROJECT_VERSION = 1;
				GENERATE_INFOPLIST_FILE = YES;
				IPHONEOS_DEPLOYMENT_TARGET = 16.0;
				MARKETING_VERSION = 1.0;
				PRODUCT_BUNDLE_IDENTIFIER = no2.GreenSpaceTests;
				PRODUCT_NAME = "$(TARGET_NAME)";
				SWIFT_EMIT_LOC_STRINGS = NO;
				SWIFT_VERSION = 5.0;
				TARGETED_DEVICE_FAMILY = "1,2";
				TEST_HOST = "$(BUILT_PRODUCTS_DIR)/GreenSpace.app/$(BUNDLE_EXECUTABLE_FOLDER_PATH)/GreenSpace";
			};
			name = Release;
		};
		0D0475A8291B6B3A00818C00 /* Debug */ = {
			isa = XCBuildConfiguration;
			buildSettings = {
				ALWAYS_EMBED_SWIFT_STANDARD_LIBRARIES = YES;
				CODE_SIGN_STYLE = Automatic;
				CURRENT_PROJECT_VERSION = 1;
				GENERATE_INFOPLIST_FILE = YES;
				MARKETING_VERSION = 1.0;
				PRODUCT_BUNDLE_IDENTIFIER = no2.GreenSpaceUITests;
				PRODUCT_NAME = "$(TARGET_NAME)";
				SWIFT_EMIT_LOC_STRINGS = NO;
				SWIFT_VERSION = 5.0;
				TARGETED_DEVICE_FAMILY = "1,2";
				TEST_TARGET_NAME = GreenSpace;
			};
			name = Debug;
		};
		0D0475A9291B6B3A00818C00 /* Release */ = {
			isa = XCBuildConfiguration;
			buildSettings = {
				ALWAYS_EMBED_SWIFT_STANDARD_LIBRARIES = YES;
				CODE_SIGN_STYLE = Automatic;
				CURRENT_PROJECT_VERSION = 1;
				GENERATE_INFOPLIST_FILE = YES;
				MARKETING_VERSION = 1.0;
				PRODUCT_BUNDLE_IDENTIFIER = no2.GreenSpaceUITests;
				PRODUCT_NAME = "$(TARGET_NAME)";
				SWIFT_EMIT_LOC_STRINGS = NO;
				SWIFT_VERSION = 5.0;
				TARGETED_DEVICE_FAMILY = "1,2";
				TEST_TARGET_NAME = GreenSpace;
			};
			name = Release;
		};
/* End XCBuildConfiguration section */

/* Begin XCConfigurationList section */
		0D047572291B6B3800818C00 /* Build configuration list for PBXProject "GreenSpace" */ = {
			isa = XCConfigurationList;
			buildConfigurations = (
				0D04759F291B6B3A00818C00 /* Debug */,
				0D0475A0291B6B3A00818C00 /* Release */,
			);
			defaultConfigurationIsVisible = 0;
			defaultConfigurationName = Release;
		};
		0D0475A1291B6B3A00818C00 /* Build configuration list for PBXNativeTarget "GreenSpace" */ = {
			isa = XCConfigurationList;
			buildConfigurations = (
				0D0475A2291B6B3A00818C00 /* Debug */,
				0D0475A3291B6B3A00818C00 /* Release */,
			);
			defaultConfigurationIsVisible = 0;
			defaultConfigurationName = Release;
		};
		0D0475A4291B6B3A00818C00 /* Build configuration list for PBXNativeTarget "GreenSpaceTests" */ = {
			isa = XCConfigurationList;
			buildConfigurations = (
				0D0475A5291B6B3A00818C00 /* Debug */,
				0D0475A6291B6B3A00818C00 /* Release */,
			);
			defaultConfigurationIsVisible = 0;
			defaultConfigurationName = Release;
		};
		0D0475A7291B6B3A00818C00 /* Build configuration list for PBXNativeTarget "GreenSpaceUITests" */ = {
			isa = XCConfigurationList;
			buildConfigurations = (
				0D0475A8291B6B3A00818C00 /* Debug */,
				0D0475A9291B6B3A00818C00 /* Release */,
			);
			defaultConfigurationIsVisible = 0;
			defaultConfigurationName = Release;
		};
/* End XCConfigurationList section */

/* Begin XCRemoteSwiftPackageReference section */
		0D0475AD291B6FEA00818C00 /* XCRemoteSwiftPackageReference "Alamofire" */ = {
			isa = XCRemoteSwiftPackageReference;
			repositoryURL = "https://github.com/Alamofire/Alamofire.git";
			requirement = {
				kind = upToNextMajorVersion;
				minimumVersion = 5.0.0;
			};
		};
		0D3CC9FB291DFE3E000A0CC4 /* XCRemoteSwiftPackageReference "PanModal" */ = {
			isa = XCRemoteSwiftPackageReference;
			repositoryURL = "https://github.com/slackhq/PanModal.git";
			requirement = {
				kind = upToNextMajorVersion;
				minimumVersion = 1.0.0;
			};
		};
/* End XCRemoteSwiftPackageReference section */

/* Begin XCSwiftPackageProductDependency section */
		0D0475AE291B6FEA00818C00 /* Alamofire */ = {
			isa = XCSwiftPackageProductDependency;
			package = 0D0475AD291B6FEA00818C00 /* XCRemoteSwiftPackageReference "Alamofire" */;
			productName = Alamofire;
		};
		0D3CC9FC291DFE3E000A0CC4 /* PanModal */ = {
			isa = XCSwiftPackageProductDependency;
			package = 0D3CC9FB291DFE3E000A0CC4 /* XCRemoteSwiftPackageReference "PanModal" */;
			productName = PanModal;
		};
/* End XCSwiftPackageProductDependency section */

/* Begin XCVersionGroup section */
		0D828DCF2929EBFD000D54BC /* CoreData.xcdatamodeld */ = {
			isa = XCVersionGroup;
			children = (
				0D828DD02929EBFD000D54BC /* CoreData.xcdatamodel */,
			);
			currentVersion = 0D828DD02929EBFD000D54BC /* CoreData.xcdatamodel */;
			path = CoreData.xcdatamodeld;
			sourceTree = "<group>";
			versionGroupType = wrapper.xcdatamodel;
		};
/* End XCVersionGroup section */
	};
	rootObject = 0D04756F291B6B3800818C00 /* Project object */;
}
