// !$*UTF8*$!
{
	archiveVersion = 1;
	classes = {
	};
	objectVersion = 56;
	objects = {

/* Begin PBXBuildFile section */
		0D04757B291B6B3800818C00 /* AppDelegate.swift in Sources */ = {isa = PBXBuildFile; fileRef = 0D04757A291B6B3800818C00 /* AppDelegate.swift */; };
		0D04757D291B6B3800818C00 /* SceneDelegate.swift in Sources */ = {isa = PBXBuildFile; fileRef = 0D04757C291B6B3800818C00 /* SceneDelegate.swift */; };
		0D04757F291B6B3800818C00 /* ViewController.swift in Sources */ = {isa = PBXBuildFile; fileRef = 0D04757E291B6B3800818C00 /* ViewController.swift */; };
		0D047582291B6B3800818C00 /* Main.storyboard in Resources */ = {isa = PBXBuildFile; fileRef = 0D047580291B6B3800818C00 /* Main.storyboard */; };
		0D047584291B6B3900818C00 /* Assets.xcassets in Resources */ = {isa = PBXBuildFile; fileRef = 0D047583291B6B3900818C00 /* Assets.xcassets */; };
		0D047587291B6B3900818C00 /* LaunchScreen.storyboard in Resources */ = {isa = PBXBuildFile; fileRef = 0D047585291B6B3900818C00 /* LaunchScreen.storyboard */; };
		0D047592291B6B3A00818C00 /* GreenSpaceTests.swift in Sources */ = {isa = PBXBuildFile; fileRef = 0D047591291B6B3A00818C00 /* GreenSpaceTests.swift */; };
		0D04759C291B6B3A00818C00 /* GreenSpaceUITests.swift in Sources */ = {isa = PBXBuildFile; fileRef = 0D04759B291B6B3A00818C00 /* GreenSpaceUITests.swift */; };
		0D04759E291B6B3A00818C00 /* GreenSpaceUITestsLaunchTests.swift in Sources */ = {isa = PBXBuildFile; fileRef = 0D04759D291B6B3A00818C00 /* GreenSpaceUITestsLaunchTests.swift */; };
/* End PBXBuildFile section */

/* Begin PBXContainerItemProxy section */
		0D04758E291B6B3A00818C00 /* PBXContainerItemProxy */ = {
			isa = PBXContainerItemProxy;
			containerPortal = 0D04756F291B6B3800818C00 /* Project object */;
			proxyType = 1;
			remoteGlobalIDString = 0D047576291B6B3800818C00;
			remoteInfo = GreenSpace;
		};
		0D047598291B6B3A00818C00 /* PBXContainerItemProxy */ = {
			isa = PBXContainerItemProxy;
			containerPortal = 0D04756F291B6B3800818C00 /* Project object */;
			proxyType = 1;
			remoteGlobalIDString = 0D047576291B6B3800818C00;
			remoteInfo = GreenSpace;
		};
/* End PBXContainerItemProxy section */

/* Begin PBXFileReference section */
		0D047577291B6B3800818C00 /* GreenSpace.app */ = {isa = PBXFileReference; explicitFileType = wrapper.application; includeInIndex = 0; path = GreenSpace.app; sourceTree = BUILT_PRODUCTS_DIR; };
		0D04757A291B6B3800818C00 /* AppDelegate.swift */ = {isa = PBXFileReference; lastKnownFileType = sourcecode.swift; path = AppDelegate.swift; sourceTree = "<group>"; };
		0D04757C291B6B3800818C00 /* SceneDelegate.swift */ = {isa = PBXFileReference; lastKnownFileType = sourcecode.swift; path = SceneDelegate.swift; sourceTree = "<group>"; };
		0D04757E291B6B3800818C00 /* ViewController.swift */ = {isa = PBXFileReference; lastKnownFileType = sourcecode.swift; path = ViewController.swift; sourceTree = "<group>"; };
		0D047581291B6B3800818C00 /* Base */ = {isa = PBXFileReference; lastKnownFileType = file.storyboard; name = Base; path = Base.lproj/Main.storyboard; sourceTree = "<group>"; };
		0D047583291B6B3900818C00 /* Assets.xcassets */ = {isa = PBXFileReference; lastKnownFileType = folder.assetcatalog; path = Assets.xcassets; sourceTree = "<group>"; };
		0D047586291B6B3900818C00 /* Base */ = {isa = PBXFileReference; lastKnownFileType = file.storyboard; name = Base; path = Base.lproj/LaunchScreen.storyboard; sourceTree = "<group>"; };
		0D047588291B6B3900818C00 /* Info.plist */ = {isa = PBXFileReference; lastKnownFileType = text.plist.xml; path = Info.plist; sourceTree = "<group>"; };
		0D04758D291B6B3A00818C00 /* GreenSpaceTests.xctest */ = {isa = PBXFileReference; explicitFileType = wrapper.cfbundle; includeInIndex = 0; path = GreenSpaceTests.xctest; sourceTree = BUILT_PRODUCTS_DIR; };
		0D047591291B6B3A00818C00 /* GreenSpaceTests.swift */ = {isa = PBXFileReference; lastKnownFileType = sourcecode.swift; path = GreenSpaceTests.swift; sourceTree = "<group>"; };
		0D047597291B6B3A00818C00 /* GreenSpaceUITests.xctest */ = {isa = PBXFileReference; explicitFileType = wrapper.cfbundle; includeInIndex = 0; path = GreenSpaceUITests.xctest; sourceTree = BUILT_PRODUCTS_DIR; };
		0D04759B291B6B3A00818C00 /* GreenSpaceUITests.swift */ = {isa = PBXFileReference; lastKnownFileType = sourcecode.swift; path = GreenSpaceUITests.swift; sourceTree = "<group>"; };
		0D04759D291B6B3A00818C00 /* GreenSpaceUITestsLaunchTests.swift */ = {isa = PBXFileReference; lastKnownFileType = sourcecode.swift; path = GreenSpaceUITestsLaunchTests.swift; sourceTree = "<group>"; };
/* End PBXFileReference section */

/* Begin PBXFrameworksBuildPhase section */
		0D047574291B6B3800818C00 /* Frameworks */ = {
			isa = PBXFrameworksBuildPhase;
			buildActionMask = 2147483647;
			files = (
			);
			runOnlyForDeploymentPostprocessing = 0;
		};
		0D04758A291B6B3A00818C00 /* Frameworks */ = {
			isa = PBXFrameworksBuildPhase;
			buildActionMask = 2147483647;
			files = (
			);
			runOnlyForDeploymentPostprocessing = 0;
		};
		0D047594291B6B3A00818C00 /* Frameworks */ = {
			isa = PBXFrameworksBuildPhase;
			buildActionMask = 2147483647;
			files = (
			);
			runOnlyForDeploymentPostprocessing = 0;
		};
/* End PBXFrameworksBuildPhase section */

/* Begin PBXGroup section */
		0D04756E291B6B3800818C00 = {
			isa = PBXGroup;
			children = (
				0D047579291B6B3800818C00 /* GreenSpace */,
				0D047590291B6B3A00818C00 /* GreenSpaceTests */,
				0D04759A291B6B3A00818C00 /* GreenSpaceUITests */,
				0D047578291B6B3800818C00 /* Products */,
			);
			sourceTree = "<group>";
		};
		0D047578291B6B3800818C00 /* Products */ = {
			isa = PBXGroup;
			children = (
				0D047577291B6B3800818C00 /* GreenSpace.app */,
				0D04758D291B6B3A00818C00 /* GreenSpaceTests.xctest */,
				0D047597291B6B3A00818C00 /* GreenSpaceUITests.xctest */,
			);
			name = Products;
			sourceTree = "<group>";
		};
		0D047579291B6B3800818C00 /* GreenSpace */ = {
			isa = PBXGroup;
			children = (
				0D04757A291B6B3800818C00 /* AppDelegate.swift */,
				0D04757C291B6B3800818C00 /* SceneDelegate.swift */,
				0D0475AA291B6CF900818C00 /* Model */,
				0D0475AC291B6CFD00818C00 /* View */,
				0D0475AB291B6CFB00818C00 /* ViewController */,
				0D047583291B6B3900818C00 /* Assets.xcassets */,
				0D047588291B6B3900818C00 /* Info.plist */,
			);
			path = GreenSpace;
			sourceTree = "<group>";
		};
		0D047590291B6B3A00818C00 /* GreenSpaceTests */ = {
			isa = PBXGroup;
			children = (
				0D047591291B6B3A00818C00 /* GreenSpaceTests.swift */,
			);
			path = GreenSpaceTests;
			sourceTree = "<group>";
		};
		0D04759A291B6B3A00818C00 /* GreenSpaceUITests */ = {
			isa = PBXGroup;
			children = (
				0D04759B291B6B3A00818C00 /* GreenSpaceUITests.swift */,
				0D04759D291B6B3A00818C00 /* GreenSpaceUITestsLaunchTests.swift */,
			);
			path = GreenSpaceUITests;
			sourceTree = "<group>";
		};
		0D0475AA291B6CF900818C00 /* Model */ = {
			isa = PBXGroup;
			children = (
			);
			path = Model;
			sourceTree = "<group>";
		};
		0D0475AB291B6CFB00818C00 /* ViewController */ = {
			isa = PBXGroup;
			children = (
				0D04757E291B6B3800818C00 /* ViewController.swift */,
			);
			path = ViewController;
			sourceTree = "<group>";
		};
		0D0475AC291B6CFD00818C00 /* View */ = {
			isa = PBXGroup;
			children = (
				0D047580291B6B3800818C00 /* Main.storyboard */,
				0D047585291B6B3900818C00 /* LaunchScreen.storyboard */,
			);
			path = View;
			sourceTree = "<group>";
		};
/* End PBXGroup section */

/* Begin PBXNativeTarget section */
		0D047576291B6B3800818C00 /* GreenSpace */ = {
			isa = PBXNativeTarget;
			buildConfigurationList = 0D0475A1291B6B3A00818C00 /* Build configuration list for PBXNativeTarget "GreenSpace" */;
			buildPhases = (
				0D047573291B6B3800818C00 /* Sources */,
				0D047574291B6B3800818C00 /* Frameworks */,
				0D047575291B6B3800818C00 /* Resources */,
			);
			buildRules = (
			);
			dependencies = (
			);
			name = GreenSpace;
			productName = GreenSpace;
			productReference = 0D047577291B6B3800818C00 /* GreenSpace.app */;
			productType = "com.apple.product-type.application";
		};
		0D04758C291B6B3A00818C00 /* GreenSpaceTests */ = {
			isa = PBXNativeTarget;
			buildConfigurationList = 0D0475A4291B6B3A00818C00 /* Build configuration list for PBXNativeTarget "GreenSpaceTests" */;
			buildPhases = (
				0D047589291B6B3A00818C00 /* Sources */,
				0D04758A291B6B3A00818C00 /* Frameworks */,
				0D04758B291B6B3A00818C00 /* Resources */,
			);
			buildRules = (
			);
			dependencies = (
				0D04758F291B6B3A00818C00 /* PBXTargetDependency */,
			);
			name = GreenSpaceTests;
			productName = GreenSpaceTests;
			productReference = 0D04758D291B6B3A00818C00 /* GreenSpaceTests.xctest */;
			productType = "com.apple.product-type.bundle.unit-test";
		};
		0D047596291B6B3A00818C00 /* GreenSpaceUITests */ = {
			isa = PBXNativeTarget;
			buildConfigurationList = 0D0475A7291B6B3A00818C00 /* Build configuration list for PBXNativeTarget "GreenSpaceUITests" */;
			buildPhases = (
				0D047593291B6B3A00818C00 /* Sources */,
				0D047594291B6B3A00818C00 /* Frameworks */,
				0D047595291B6B3A00818C00 /* Resources */,
			);
			buildRules = (
			);
			dependencies = (
				0D047599291B6B3A00818C00 /* PBXTargetDependency */,
			);
			name = GreenSpaceUITests;
			productName = GreenSpaceUITests;
			productReference = 0D047597291B6B3A00818C00 /* GreenSpaceUITests.xctest */;
			productType = "com.apple.product-type.bundle.ui-testing";
		};
/* End PBXNativeTarget section */

/* Begin PBXProject section */
		0D04756F291B6B3800818C00 /* Project object */ = {
			isa = PBXProject;
			attributes = {
				BuildIndependentTargetsInParallel = 1;
				LastSwiftUpdateCheck = 1400;
				LastUpgradeCheck = 1400;
				TargetAttributes = {
					0D047576291B6B3800818C00 = {
						CreatedOnToolsVersion = 14.0;
					};
					0D04758C291B6B3A00818C00 = {
						CreatedOnToolsVersion = 14.0;
						TestTargetID = 0D047576291B6B3800818C00;
					};
					0D047596291B6B3A00818C00 = {
						CreatedOnToolsVersion = 14.0;
						TestTargetID = 0D047576291B6B3800818C00;
					};
				};
			};
			buildConfigurationList = 0D047572291B6B3800818C00 /* Build configuration list for PBXProject "GreenSpace" */;
			compatibilityVersion = "Xcode 14.0";
			developmentRegion = en;
			hasScannedForEncodings = 0;
			knownRegions = (
				en,
				Base,
			);
			mainGroup = 0D04756E291B6B3800818C00;
			productRefGroup = 0D047578291B6B3800818C00 /* Products */;
			projectDirPath = "";
			projectRoot = "";
			targets = (
				0D047576291B6B3800818C00 /* GreenSpace */,
				0D04758C291B6B3A00818C00 /* GreenSpaceTests */,
				0D047596291B6B3A00818C00 /* GreenSpaceUITests */,
			);
		};
/* End PBXProject section */

/* Begin PBXResourcesBuildPhase section */
		0D047575291B6B3800818C00 /* Resources */ = {
			isa = PBXResourcesBuildPhase;
			buildActionMask = 2147483647;
			files = (
				0D047587291B6B3900818C00 /* LaunchScreen.storyboard in Resources */,
				0D047584291B6B3900818C00 /* Assets.xcassets in Resources */,
				0D047582291B6B3800818C00 /* Main.storyboard in Resources */,
			);
			runOnlyForDeploymentPostprocessing = 0;
		};
		0D04758B291B6B3A00818C00 /* Resources */ = {
			isa = PBXResourcesBuildPhase;
			buildActionMask = 2147483647;
			files = (
			);
			runOnlyForDeploymentPostprocessing = 0;
		};
		0D047595291B6B3A00818C00 /* Resources */ = {
			isa = PBXResourcesBuildPhase;
			buildActionMask = 2147483647;
			files = (
			);
			runOnlyForDeploymentPostprocessing = 0;
		};
/* End PBXResourcesBuildPhase section */

/* Begin PBXSourcesBuildPhase section */
		0D047573291B6B3800818C00 /* Sources */ = {
			isa = PBXSourcesBuildPhase;
			buildActionMask = 2147483647;
			files = (
				0D04757F291B6B3800818C00 /* ViewController.swift in Sources */,
				0D04757B291B6B3800818C00 /* AppDelegate.swift in Sources */,
				0D04757D291B6B3800818C00 /* SceneDelegate.swift in Sources */,
			);
			runOnlyForDeploymentPostprocessing = 0;
		};
		0D047589291B6B3A00818C00 /* Sources */ = {
			isa = PBXSourcesBuildPhase;
			buildActionMask = 2147483647;
			files = (
				0D047592291B6B3A00818C00 /* GreenSpaceTests.swift in Sources */,
			);
			runOnlyForDeploymentPostprocessing = 0;
		};
		0D047593291B6B3A00818C00 /* Sources */ = {
			isa = PBXSourcesBuildPhase;
			buildActionMask = 2147483647;
			files = (
				0D04759C291B6B3A00818C00 /* GreenSpaceUITests.swift in Sources */,
				0D04759E291B6B3A00818C00 /* GreenSpaceUITestsLaunchTests.swift in Sources */,
			);
			runOnlyForDeploymentPostprocessing = 0;
		};
/* End PBXSourcesBuildPhase section */

/* Begin PBXTargetDependency section */
		0D04758F291B6B3A00818C00 /* PBXTargetDependency */ = {
			isa = PBXTargetDependency;
			target = 0D047576291B6B3800818C00 /* GreenSpace */;
			targetProxy = 0D04758E291B6B3A00818C00 /* PBXContainerItemProxy */;
		};
		0D047599291B6B3A00818C00 /* PBXTargetDependency */ = {
			isa = PBXTargetDependency;
			target = 0D047576291B6B3800818C00 /* GreenSpace */;
			targetProxy = 0D047598291B6B3A00818C00 /* PBXContainerItemProxy */;
		};
/* End PBXTargetDependency section */

/* Begin PBXVariantGroup section */
		0D047580291B6B3800818C00 /* Main.storyboard */ = {
			isa = PBXVariantGroup;
			children = (
				0D047581291B6B3800818C00 /* Base */,
			);
			name = Main.storyboard;
			sourceTree = "<group>";
		};
		0D047585291B6B3900818C00 /* LaunchScreen.storyboard */ = {
			isa = PBXVariantGroup;
			children = (
				0D047586291B6B3900818C00 /* Base */,
			);
			name = LaunchScreen.storyboard;
			sourceTree = "<group>";
		};
/* End PBXVariantGroup section */

/* Begin XCBuildConfiguration section */
		0D04759F291B6B3A00818C00 /* Debug */ = {
			isa = XCBuildConfiguration;
			buildSettings = {
				ALWAYS_SEARCH_USER_PATHS = NO;
				CLANG_ANALYZER_NONNULL = YES;
				CLANG_ANALYZER_NUMBER_OBJECT_CONVERSION = YES_AGGRESSIVE;
				CLANG_CXX_LANGUAGE_STANDARD = "gnu++20";
				CLANG_ENABLE_MODULES = YES;
				CLANG_ENABLE_OBJC_ARC = YES;
				CLANG_ENABLE_OBJC_WEAK = YES;
				CLANG_WARN_BLOCK_CAPTURE_AUTORELEASING = YES;
				CLANG_WARN_BOOL_CONVERSION = YES;
				CLANG_WARN_COMMA = YES;
				CLANG_WARN_CONSTANT_CONVERSION = YES;
				CLANG_WARN_DEPRECATED_OBJC_IMPLEMENTATIONS = YES;
				CLANG_WARN_DIRECT_OBJC_ISA_USAGE = YES_ERROR;
				CLANG_WARN_DOCUMENTATION_COMMENTS = YES;
				CLANG_WARN_EMPTY_BODY = YES;
				CLANG_WARN_ENUM_CONVERSION = YES;
				CLANG_WARN_INFINITE_RECURSION = YES;
				CLANG_WARN_INT_CONVERSION = YES;
				CLANG_WARN_NON_LITERAL_NULL_CONVERSION = YES;
				CLANG_WARN_OBJC_IMPLICIT_RETAIN_SELF = YES;
				CLANG_WARN_OBJC_LITERAL_CONVERSION = YES;
				CLANG_WARN_OBJC_ROOT_CLASS = YES_ERROR;
				CLANG_WARN_QUOTED_INCLUDE_IN_FRAMEWORK_HEADER = YES;
				CLANG_WARN_RANGE_LOOP_ANALYSIS = YES;
				CLANG_WARN_STRICT_PROTOTYPES = YES;
				CLANG_WARN_SUSPICIOUS_MOVE = YES;
				CLANG_WARN_UNGUARDED_AVAILABILITY = YES_AGGRESSIVE;
				CLANG_WARN_UNREACHABLE_CODE = YES;
				CLANG_WARN__DUPLICATE_METHOD_MATCH = YES;
				COPY_PHASE_STRIP = NO;
				DEBUG_INFORMATION_FORMAT = dwarf;
				ENABLE_STRICT_OBJC_MSGSEND = YES;
				ENABLE_TESTABILITY = YES;
				GCC_C_LANGUAGE_STANDARD = gnu11;
				GCC_DYNAMIC_NO_PIC = NO;
				GCC_NO_COMMON_BLOCKS = YES;
				GCC_OPTIMIZATION_LEVEL = 0;
				GCC_PREPROCESSOR_DEFINITIONS = (
					"DEBUG=1",
					"$(inherited)",
				);
				GCC_WARN_64_TO_32_BIT_CONVERSION = YES;
				GCC_WARN_ABOUT_RETURN_TYPE = YES_ERROR;
				GCC_WARN_UNDECLARED_SELECTOR = YES;
				GCC_WARN_UNINITIALIZED_AUTOS = YES_AGGRESSIVE;
				GCC_WARN_UNUSED_FUNCTION = YES;
				GCC_WARN_UNUSED_VARIABLE = YES;
				IPHONEOS_DEPLOYMENT_TARGET = 16.0;
				MTL_ENABLE_DEBUG_INFO = INCLUDE_SOURCE;
				MTL_FAST_MATH = YES;
				ONLY_ACTIVE_ARCH = YES;
				SDKROOT = iphoneos;
				SWIFT_ACTIVE_COMPILATION_CONDITIONS = DEBUG;
				SWIFT_OPTIMIZATION_LEVEL = "-Onone";
			};
			name = Debug;
		};
		0D0475A0291B6B3A00818C00 /* Release */ = {
			isa = XCBuildConfiguration;
			buildSettings = {
				ALWAYS_SEARCH_USER_PATHS = NO;
				CLANG_ANALYZER_NONNULL = YES;
				CLANG_ANALYZER_NUMBER_OBJECT_CONVERSION = YES_AGGRESSIVE;
				CLANG_CXX_LANGUAGE_STANDARD = "gnu++20";
				CLANG_ENABLE_MODULES = YES;
				CLANG_ENABLE_OBJC_ARC = YES;
				CLANG_ENABLE_OBJC_WEAK = YES;
				CLANG_WARN_BLOCK_CAPTURE_AUTORELEASING = YES;
				CLANG_WARN_BOOL_CONVERSION = YES;
				CLANG_WARN_COMMA = YES;
				CLANG_WARN_CONSTANT_CONVERSION = YES;
				CLANG_WARN_DEPRECATED_OBJC_IMPLEMENTATIONS = YES;
				CLANG_WARN_DIRECT_OBJC_ISA_USAGE = YES_ERROR;
				CLANG_WARN_DOCUMENTATION_COMMENTS = YES;
				CLANG_WARN_EMPTY_BODY = YES;
				CLANG_WARN_ENUM_CONVERSION = YES;
				CLANG_WARN_INFINITE_RECURSION = YES;
				CLANG_WARN_INT_CONVERSION = YES;
				CLANG_WARN_NON_LITERAL_NULL_CONVERSION = YES;
				CLANG_WARN_OBJC_IMPLICIT_RETAIN_SELF = YES;
				CLANG_WARN_OBJC_LITERAL_CONVERSION = YES;
				CLANG_WARN_OBJC_ROOT_CLASS = YES_ERROR;
				CLANG_WARN_QUOTED_INCLUDE_IN_FRAMEWORK_HEADER = YES;
				CLANG_WARN_RANGE_LOOP_ANALYSIS = YES;
				CLANG_WARN_STRICT_PROTOTYPES = YES;
				CLANG_WARN_SUSPICIOUS_MOVE = YES;
				CLANG_WARN_UNGUARDED_AVAILABILITY = YES_AGGRESSIVE;
				CLANG_WARN_UNREACHABLE_CODE = YES;
				CLANG_WARN__DUPLICATE_METHOD_MATCH = YES;
				COPY_PHASE_STRIP = NO;
				DEBUG_INFORMATION_FORMAT = "dwarf-with-dsym";
				ENABLE_NS_ASSERTIONS = NO;
				ENABLE_STRICT_OBJC_MSGSEND = YES;
				GCC_C_LANGUAGE_STANDARD = gnu11;
				GCC_NO_COMMON_BLOCKS = YES;
				GCC_WARN_64_TO_32_BIT_CONVERSION = YES;
				GCC_WARN_ABOUT_RETURN_TYPE = YES_ERROR;
				GCC_WARN_UNDECLARED_SELECTOR = YES;
				GCC_WARN_UNINITIALIZED_AUTOS = YES_AGGRESSIVE;
				GCC_WARN_UNUSED_FUNCTION = YES;
				GCC_WARN_UNUSED_VARIABLE = YES;
				IPHONEOS_DEPLOYMENT_TARGET = 16.0;
				MTL_ENABLE_DEBUG_INFO = NO;
				MTL_FAST_MATH = YES;
				SDKROOT = iphoneos;
				SWIFT_COMPILATION_MODE = wholemodule;
				SWIFT_OPTIMIZATION_LEVEL = "-O";
				VALIDATE_PRODUCT = YES;
			};
			name = Release;
		};
		0D0475A2291B6B3A00818C00 /* Debug */ = {
			isa = XCBuildConfiguration;
			buildSettings = {
				ASSETCATALOG_COMPILER_APPICON_NAME = AppIcon;
				ASSETCATALOG_COMPILER_GLOBAL_ACCENT_COLOR_NAME = AccentColor;
				CODE_SIGN_STYLE = Automatic;
				CURRENT_PROJECT_VERSION = 1;
				GENERATE_INFOPLIST_FILE = YES;
				INFOPLIST_FILE = GreenSpace/Info.plist;
				INFOPLIST_KEY_UIApplicationSupportsIndirectInputEvents = YES;
				INFOPLIST_KEY_UILaunchStoryboardName = LaunchScreen;
				INFOPLIST_KEY_UIMainStoryboardFile = Main;
				INFOPLIST_KEY_UISupportedInterfaceOrientations_iPad = "UIInterfaceOrientationPortrait UIInterfaceOrientationPortraitUpsideDown UIInterfaceOrientationLandscapeLeft UIInterfaceOrientationLandscapeRight";
				INFOPLIST_KEY_UISupportedInterfaceOrientations_iPhone = "UIInterfaceOrientationPortrait UIInterfaceOrientationLandscapeLeft UIInterfaceOrientationLandscapeRight";
				LD_RUNPATH_SEARCH_PATHS = (
					"$(inherited)",
					"@executable_path/Frameworks",
				);
				MARKETING_VERSION = 1.0;
				PRODUCT_BUNDLE_IDENTIFIER = no2.GreenSpace;
				PRODUCT_NAME = "$(TARGET_NAME)";
				SWIFT_EMIT_LOC_STRINGS = YES;
				SWIFT_VERSION = 5.0;
				TARGETED_DEVICE_FAMILY = "1,2";
			};
			name = Debug;
		};
		0D0475A3291B6B3A00818C00 /* Release */ = {
			isa = XCBuildConfiguration;
			buildSettings = {
				ASSETCATALOG_COMPILER_APPICON_NAME = AppIcon;
				ASSETCATALOG_COMPILER_GLOBAL_ACCENT_COLOR_NAME = AccentColor;
				CODE_SIGN_STYLE = Automatic;
				CURRENT_PROJECT_VERSION = 1;
				GENERATE_INFOPLIST_FILE = YES;
				INFOPLIST_FILE = GreenSpace/Info.plist;
				INFOPLIST_KEY_UIApplicationSupportsIndirectInputEvents = YES;
				INFOPLIST_KEY_UILaunchStoryboardName = LaunchScreen;
				INFOPLIST_KEY_UIMainStoryboardFile = Main;
				INFOPLIST_KEY_UISupportedInterfaceOrientations_iPad = "UIInterfaceOrientationPortrait UIInterfaceOrientationPortraitUpsideDown UIInterfaceOrientationLandscapeLeft UIInterfaceOrientationLandscapeRight";
				INFOPLIST_KEY_UISupportedInterfaceOrientations_iPhone = "UIInterfaceOrientationPortrait UIInterfaceOrientationLandscapeLeft UIInterfaceOrientationLandscapeRight";
				LD_RUNPATH_SEARCH_PATHS = (
					"$(inherited)",
					"@executable_path/Frameworks",
				);
				MARKETING_VERSION = 1.0;
				PRODUCT_BUNDLE_IDENTIFIER = no2.GreenSpace;
				PRODUCT_NAME = "$(TARGET_NAME)";
				SWIFT_EMIT_LOC_STRINGS = YES;
				SWIFT_VERSION = 5.0;
				TARGETED_DEVICE_FAMILY = "1,2";
			};
			name = Release;
		};
		0D0475A5291B6B3A00818C00 /* Debug */ = {
			isa = XCBuildConfiguration;
			buildSettings = {
				ALWAYS_EMBED_SWIFT_STANDARD_LIBRARIES = YES;
				BUNDLE_LOADER = "$(TEST_HOST)";
				CODE_SIGN_STYLE = Automatic;
				CURRENT_PROJECT_VERSION = 1;
				GENERATE_INFOPLIST_FILE = YES;
				IPHONEOS_DEPLOYMENT_TARGET = 16.0;
				MARKETING_VERSION = 1.0;
				PRODUCT_BUNDLE_IDENTIFIER = no2.GreenSpaceTests;
				PRODUCT_NAME = "$(TARGET_NAME)";
				SWIFT_EMIT_LOC_STRINGS = NO;
				SWIFT_VERSION = 5.0;
				TARGETED_DEVICE_FAMILY = "1,2";
				TEST_HOST = "$(BUILT_PRODUCTS_DIR)/GreenSpace.app/$(BUNDLE_EXECUTABLE_FOLDER_PATH)/GreenSpace";
			};
			name = Debug;
		};
		0D0475A6291B6B3A00818C00 /* Release */ = {
			isa = XCBuildConfiguration;
			buildSettings = {
				ALWAYS_EMBED_SWIFT_STANDARD_LIBRARIES = YES;
				BUNDLE_LOADER = "$(TEST_HOST)";
				CODE_SIGN_STYLE = Automatic;
				CURRENT_PROJECT_VERSION = 1;
				GENERATE_INFOPLIST_FILE = YES;
				IPHONEOS_DEPLOYMENT_TARGET = 16.0;
				MARKETING_VERSION = 1.0;
				PRODUCT_BUNDLE_IDENTIFIER = no2.GreenSpaceTests;
				PRODUCT_NAME = "$(TARGET_NAME)";
				SWIFT_EMIT_LOC_STRINGS = NO;
				SWIFT_VERSION = 5.0;
				TARGETED_DEVICE_FAMILY = "1,2";
				TEST_HOST = "$(BUILT_PRODUCTS_DIR)/GreenSpace.app/$(BUNDLE_EXECUTABLE_FOLDER_PATH)/GreenSpace";
			};
			name = Release;
		};
		0D0475A8291B6B3A00818C00 /* Debug */ = {
			isa = XCBuildConfiguration;
			buildSettings = {
				ALWAYS_EMBED_SWIFT_STANDARD_LIBRARIES = YES;
				CODE_SIGN_STYLE = Automatic;
				CURRENT_PROJECT_VERSION = 1;
				GENERATE_INFOPLIST_FILE = YES;
				MARKETING_VERSION = 1.0;
				PRODUCT_BUNDLE_IDENTIFIER = no2.GreenSpaceUITests;
				PRODUCT_NAME = "$(TARGET_NAME)";
				SWIFT_EMIT_LOC_STRINGS = NO;
				SWIFT_VERSION = 5.0;
				TARGETED_DEVICE_FAMILY = "1,2";
				TEST_TARGET_NAME = GreenSpace;
			};
			name = Debug;
		};
		0D0475A9291B6B3A00818C00 /* Release */ = {
			isa = XCBuildConfiguration;
			buildSettings = {
				ALWAYS_EMBED_SWIFT_STANDARD_LIBRARIES = YES;
				CODE_SIGN_STYLE = Automatic;
				CURRENT_PROJECT_VERSION = 1;
				GENERATE_INFOPLIST_FILE = YES;
				MARKETING_VERSION = 1.0;
				PRODUCT_BUNDLE_IDENTIFIER = no2.GreenSpaceUITests;
				PRODUCT_NAME = "$(TARGET_NAME)";
				SWIFT_EMIT_LOC_STRINGS = NO;
				SWIFT_VERSION = 5.0;
				TARGETED_DEVICE_FAMILY = "1,2";
				TEST_TARGET_NAME = GreenSpace;
			};
			name = Release;
		};
/* End XCBuildConfiguration section */

/* Begin XCConfigurationList section */
		0D047572291B6B3800818C00 /* Build configuration list for PBXProject "GreenSpace" */ = {
			isa = XCConfigurationList;
			buildConfigurations = (
				0D04759F291B6B3A00818C00 /* Debug */,
				0D0475A0291B6B3A00818C00 /* Release */,
			);
			defaultConfigurationIsVisible = 0;
			defaultConfigurationName = Release;
		};
		0D0475A1291B6B3A00818C00 /* Build configuration list for PBXNativeTarget "GreenSpace" */ = {
			isa = XCConfigurationList;
			buildConfigurations = (
				0D0475A2291B6B3A00818C00 /* Debug */,
				0D0475A3291B6B3A00818C00 /* Release */,
			);
			defaultConfigurationIsVisible = 0;
			defaultConfigurationName = Release;
		};
		0D0475A4291B6B3A00818C00 /* Build configuration list for PBXNativeTarget "GreenSpaceTests" */ = {
			isa = XCConfigurationList;
			buildConfigurations = (
				0D0475A5291B6B3A00818C00 /* Debug */,
				0D0475A6291B6B3A00818C00 /* Release */,
			);
			defaultConfigurationIsVisible = 0;
			defaultConfigurationName = Release;
		};
		0D0475A7291B6B3A00818C00 /* Build configuration list for PBXNativeTarget "GreenSpaceUITests" */ = {
			isa = XCConfigurationList;
			buildConfigurations = (
				0D0475A8291B6B3A00818C00 /* Debug */,
				0D0475A9291B6B3A00818C00 /* Release */,
			);
			defaultConfigurationIsVisible = 0;
			defaultConfigurationName = Release;
		};
/* End XCConfigurationList section */
	};
	rootObject = 0D04756F291B6B3800818C00 /* Project object */;
}
